// !$*UTF8*$!
{
	archiveVersion = 1;
	classes = {
	};
	objectVersion = 51;
	objects = {

/* Begin PBXBuildFile section */
		04AFA30B5ED81F3A4751557F /* Pods_Fresh_Chef_AnalyticsUITests.framework in Frameworks */ = {isa = PBXBuildFile; fileRef = 42A241F1C3DD4F89E8FCF59F /* Pods_Fresh_Chef_AnalyticsUITests.framework */; };
		3E28F5D2BA1F9BD1703EEE6F /* Pods_Fresh_Chef_Analytics.framework in Frameworks */ = {isa = PBXBuildFile; fileRef = FDB55402FC2976479D728C9F /* Pods_Fresh_Chef_Analytics.framework */; };
		610645E0378F7831106AAEF4 /* Pods_Fresh_Chef_AnalyticsTests.framework in Frameworks */ = {isa = PBXBuildFile; fileRef = F807EA952E6B093FACEDA469 /* Pods_Fresh_Chef_AnalyticsTests.framework */; };
		A535D7B922DE6CE9002B79CA /* Dish.m in Sources */ = {isa = PBXBuildFile; fileRef = A535D7B822DE6CE9002B79CA /* Dish.m */; };
		A535D7BC22DE8FB2002B79CA /* (null) in Sources */ = {isa = PBXBuildFile; };
		A535D7BF22DE9FBF002B79CA /* Waiter.m in Sources */ = {isa = PBXBuildFile; fileRef = A535D7BE22DE9FBF002B79CA /* Waiter.m */; };
		A535D7C522DFD4B5002B79CA /* MenuManager.m in Sources */ = {isa = PBXBuildFile; fileRef = A535D7C422DFD4B5002B79CA /* MenuManager.m */; };
		A535D7C822DFD6DB002B79CA /* EditMenuCell.m in Sources */ = {isa = PBXBuildFile; fileRef = A535D7C722DFD6DB002B79CA /* EditMenuCell.m */; };
		A590E1AC22EFB71300D85B20 /* BarChartViewController.m in Sources */ = {isa = PBXBuildFile; fileRef = A590E1AB22EFB71300D85B20 /* BarChartViewController.m */; };
		A5C06F5622E114E500F634E3 /* WaiterManager.m in Sources */ = {isa = PBXBuildFile; fileRef = A5C06F5522E114E500F634E3 /* WaiterManager.m */; };
		A5C06F5922E11D3500F634E3 /* EditWaiterCell.m in Sources */ = {isa = PBXBuildFile; fileRef = A5C06F5822E11D3500F634E3 /* EditWaiterCell.m */; };
		A5C06F5C22E2613100F634E3 /* WaiterListTableViewCell.m in Sources */ = {isa = PBXBuildFile; fileRef = A5C06F5B22E2613100F634E3 /* WaiterListTableViewCell.m */; };
		A5C06F6522E67E7300F634E3 /* ScatterViewController.m in Sources */ = {isa = PBXBuildFile; fileRef = A5C06F6422E67E7300F634E3 /* ScatterViewController.m */; };
		A5C06F6822E67E7F00F634E3 /* Top3Bot3ViewController.m in Sources */ = {isa = PBXBuildFile; fileRef = A5C06F6722E67E7F00F634E3 /* Top3Bot3ViewController.m */; };
		A5C06F6B22E67E8700F634E3 /* HistogramViewController.m in Sources */ = {isa = PBXBuildFile; fileRef = A5C06F6A22E67E8700F634E3 /* HistogramViewController.m */; };
		A5C06F7822E8FECF00F634E3 /* OpenOrder.m in Sources */ = {isa = PBXBuildFile; fileRef = A5C06F7722E8FECF00F634E3 /* OpenOrder.m */; };
		A5C06F7B22E8FEEB00F634E3 /* ClosedOrder.m in Sources */ = {isa = PBXBuildFile; fileRef = A5C06F7A22E8FEEB00F634E3 /* ClosedOrder.m */; };
		A5C06F7E22E9028000F634E3 /* OrderManager.m in Sources */ = {isa = PBXBuildFile; fileRef = A5C06F7D22E9028000F634E3 /* OrderManager.m */; };
		A5CE07B422F8FFA500944539 /* PhotoAnnotation.m in Sources */ = {isa = PBXBuildFile; fileRef = A5CE07B322F8FFA500944539 /* PhotoAnnotation.m */; };
		A5CE07B722F9F5F700944539 /* YelpAPIManager.m in Sources */ = {isa = PBXBuildFile; fileRef = A5CE07B622F9F5F700944539 /* YelpAPIManager.m */; };
		A5D3896522F89D5B00B17AEC /* MapViewController.m in Sources */ = {isa = PBXBuildFile; fileRef = A5D3896422F89D5B00B17AEC /* MapViewController.m */; };
		A5D3896822F8CBE000B17AEC /* Coordinate.m in Sources */ = {isa = PBXBuildFile; fileRef = A5D3896722F8CBE000B17AEC /* Coordinate.m */; };
		A5ED3F3D22F3680300C0C031 /* CustomPopUpViewController.m in Sources */ = {isa = PBXBuildFile; fileRef = A5ED3F3C22F3680300C0C031 /* CustomPopUpViewController.m */; };
		A5ED3F4022F3D69900C0C031 /* CustomPopUpWaiterViewController.m in Sources */ = {isa = PBXBuildFile; fileRef = A5ED3F3F22F3D69900C0C031 /* CustomPopUpWaiterViewController.m */; };
		B6795EA122EB7C6400CCC0F8 /* ManagerOrderTableViewCell.m in Sources */ = {isa = PBXBuildFile; fileRef = B6795EA022EB7C6400CCC0F8 /* ManagerOrderTableViewCell.m */; };
		B6795EA422EBB62700CCC0F8 /* ProfitTrendsViewController.m in Sources */ = {isa = PBXBuildFile; fileRef = B6795EA322EBB62700CCC0F8 /* ProfitTrendsViewController.m */; };
		B6848BFF22F105CF0069CC94 /* NSDate+DayMethods.m in Sources */ = {isa = PBXBuildFile; fileRef = B6848BFE22F105CF0069CC94 /* NSDate+DayMethods.m */; };
		B6848C0222F108930069CC94 /* FCADate.m in Sources */ = {isa = PBXBuildFile; fileRef = B6848C0122F108930069CC94 /* FCADate.m */; };
		B6BC874D22E6867000264995 /* Top3Bottom3TableViewCell.m in Sources */ = {isa = PBXBuildFile; fileRef = B6BC874C22E6867000264995 /* Top3Bottom3TableViewCell.m */; };
		B6C4BFF022E8FE8500FE5EAC /* DataViewTableViewController.m in Sources */ = {isa = PBXBuildFile; fileRef = B6C4BFEF22E8FE8500FE5EAC /* DataViewTableViewController.m */; };
		B6C4BFF922E9107400FE5EAC /* OrdersManagerViewController.m in Sources */ = {isa = PBXBuildFile; fileRef = B6C4BFF822E9107400FE5EAC /* OrdersManagerViewController.m */; };
		B6C4C00022E91EAD00FE5EAC /* EditOrderViewController.m in Sources */ = {isa = PBXBuildFile; fileRef = B6C4BFFF22E91EAD00FE5EAC /* EditOrderViewController.m */; };
		B6D7B35322DE6D27002093CB /* LoginViewController.m in Sources */ = {isa = PBXBuildFile; fileRef = B6D7B35222DE6D27002093CB /* LoginViewController.m */; };
		B6D7B35622DE6D40002093CB /* SignUpViewController.m in Sources */ = {isa = PBXBuildFile; fileRef = B6D7B35522DE6D40002093CB /* SignUpViewController.m */; };
		B6D7B35C22DF95BA002093CB /* ManagerLoginViewController.m in Sources */ = {isa = PBXBuildFile; fileRef = B6D7B35B22DF95BA002093CB /* ManagerLoginViewController.m */; };
		FF03BF2E22DE963B00719E8C /* WaiterViewController.m in Sources */ = {isa = PBXBuildFile; fileRef = FF03BF2D22DE963B00719E8C /* WaiterViewController.m */; };
		FF03BF3122DE96EC00719E8C /* FunFormViewController.m in Sources */ = {isa = PBXBuildFile; fileRef = FF03BF3022DE96EC00719E8C /* FunFormViewController.m */; };
		FF03BF3422DE971600719E8C /* ComfortableFormViewController.m in Sources */ = {isa = PBXBuildFile; fileRef = FF03BF3322DE971600719E8C /* ComfortableFormViewController.m */; };
		FF03BF3722DE973B00719E8C /* ElegantFormViewController.m in Sources */ = {isa = PBXBuildFile; fileRef = FF03BF3622DE973B00719E8C /* ElegantFormViewController.m */; };
		FF03BF3A22DE975B00719E8C /* ReceiptViewController.m in Sources */ = {isa = PBXBuildFile; fileRef = FF03BF3922DE975B00719E8C /* ReceiptViewController.m */; };
		FF03BF3D22DE97AD00719E8C /* ThankYouViewController.m in Sources */ = {isa = PBXBuildFile; fileRef = FF03BF3C22DE97AD00719E8C /* ThankYouViewController.m */; };
		FF03BF4022DE97C900719E8C /* AnotherTableViewController.m in Sources */ = {isa = PBXBuildFile; fileRef = FF03BF3F22DE97C900719E8C /* AnotherTableViewController.m */; };
		FF03BF4322DE9FA700719E8C /* ProfileViewController.m in Sources */ = {isa = PBXBuildFile; fileRef = FF03BF4222DE9FA700719E8C /* ProfileViewController.m */; };
		FF03BF4622DE9FC700719E8C /* EditMenuViewController.m in Sources */ = {isa = PBXBuildFile; fileRef = FF03BF4522DE9FC700719E8C /* EditMenuViewController.m */; };
		FF03BF4922DE9FE000719E8C /* EditWaitViewController.m in Sources */ = {isa = PBXBuildFile; fileRef = FF03BF4822DE9FE000719E8C /* EditWaitViewController.m */; };
		FF03BF4C22DE9FFD00719E8C /* MenuListViewController.m in Sources */ = {isa = PBXBuildFile; fileRef = FF03BF4B22DE9FFD00719E8C /* MenuListViewController.m */; };
		FF03BF5022DEA04900719E8C /* DishDetailsViewController.m in Sources */ = {isa = PBXBuildFile; fileRef = FF03BF4F22DEA04900719E8C /* DishDetailsViewController.m */; };
		FF03BF5322DEA07700719E8C /* WaitListViewController.m in Sources */ = {isa = PBXBuildFile; fileRef = FF03BF5222DEA07700719E8C /* WaitListViewController.m */; };
		FF03BF5622DEA0A000719E8C /* WaitDetailsViewController.m in Sources */ = {isa = PBXBuildFile; fileRef = FF03BF5522DEA0A000719E8C /* WaitDetailsViewController.m */; };
		FF03BF5922DEA0C700719E8C /* CompetitorDetailsViewController.m in Sources */ = {isa = PBXBuildFile; fileRef = FF03BF5822DEA0C700719E8C /* CompetitorDetailsViewController.m */; };
		FF03BF5C22DEA16600719E8C /* CompetitorListViewController.m in Sources */ = {isa = PBXBuildFile; fileRef = FF03BF5B22DEA16600719E8C /* CompetitorListViewController.m */; };
		FF03BF6222DF763300719E8C /* MenuListTableViewCell.m in Sources */ = {isa = PBXBuildFile; fileRef = FF03BF6122DF763300719E8C /* MenuListTableViewCell.m */; };
		FF1EDA9322E2951A00B1B897 /* Helpful_funs.m in Sources */ = {isa = PBXBuildFile; fileRef = FF1EDA9222E2951A00B1B897 /* Helpful_funs.m */; };
		FF318E8922EAC57C003AF015 /* OpenOrderButton.m in Sources */ = {isa = PBXBuildFile; fileRef = FF318E8822EAC57C003AF015 /* OpenOrderButton.m */; };
		FF343C842302336800912646 /* Assets.xcassets in Resources */ = {isa = PBXBuildFile; fileRef = FF343C832302336500912646 /* Assets.xcassets */; };
		FF46E19222DE436400E15A0E /* AppDelegate.m in Sources */ = {isa = PBXBuildFile; fileRef = FF46E19122DE436400E15A0E /* AppDelegate.m */; };
		FF46E19822DE436400E15A0E /* Main.storyboard in Resources */ = {isa = PBXBuildFile; fileRef = FF46E19622DE436400E15A0E /* Main.storyboard */; };
		FF46E19D22DE436400E15A0E /* LaunchScreen.storyboard in Resources */ = {isa = PBXBuildFile; fileRef = FF46E19B22DE436400E15A0E /* LaunchScreen.storyboard */; };
		FF46E1A022DE436400E15A0E /* main.m in Sources */ = {isa = PBXBuildFile; fileRef = FF46E19F22DE436400E15A0E /* main.m */; };
		FF46E1AA22DE436400E15A0E /* Fresh_Chef_AnalyticsTests.m in Sources */ = {isa = PBXBuildFile; fileRef = FF46E1A922DE436400E15A0E /* Fresh_Chef_AnalyticsTests.m */; };
		FF46E1B522DE436400E15A0E /* Fresh_Chef_AnalyticsUITests.m in Sources */ = {isa = PBXBuildFile; fileRef = FF46E1B422DE436400E15A0E /* Fresh_Chef_AnalyticsUITests.m */; };
		FF4CA2F02302166600E5A304 /* Invoice.m in Sources */ = {isa = PBXBuildFile; fileRef = FF4CA2EF2302166600E5A304 /* Invoice.m */; };
		FF4CA2F3230216C100E5A304 /* Item.m in Sources */ = {isa = PBXBuildFile; fileRef = FF4CA2F2230216C100E5A304 /* Item.m */; };
		FF4CA2F82302245D00E5A304 /* fakePayViewController.m in Sources */ = {isa = PBXBuildFile; fileRef = FF4CA2F72302245D00E5A304 /* fakePayViewController.m */; };
		FF50D5A422FD2BC9002C5AAE /* WaiterCell.m in Sources */ = {isa = PBXBuildFile; fileRef = FF50D5A322FD2BC9002C5AAE /* WaiterCell.m */; };
		FF5924FF22E2155D00F66EC6 /* ReceiptTableViewCell.m in Sources */ = {isa = PBXBuildFile; fileRef = FF5924FE22E2155D00F66EC6 /* ReceiptTableViewCell.m */; };
		FF7374CB22F257C400632056 /* AddItemViewController.m in Sources */ = {isa = PBXBuildFile; fileRef = FF7374CA22F257C400632056 /* AddItemViewController.m */; };
		FF7374CE22F265B900632056 /* EditOrderViewCell.m in Sources */ = {isa = PBXBuildFile; fileRef = FF7374CD22F265B800632056 /* EditOrderViewCell.m */; };
		FF85DF5122E7BF180056726A /* CompetitorsCell.m in Sources */ = {isa = PBXBuildFile; fileRef = FF85DF5022E7BF180056726A /* CompetitorsCell.m */; };
		FF91766822F51298007AEDB1 /* OpenOrderViewController.m in Sources */ = {isa = PBXBuildFile; fileRef = FF91766722F51298007AEDB1 /* OpenOrderViewController.m */; };
		FF91766C22F51CFD007AEDB1 /* OrderCell.m in Sources */ = {isa = PBXBuildFile; fileRef = FF91766B22F51CFD007AEDB1 /* OrderCell.m */; };
		FF91767222F8BA53007AEDB1 /* ClosedOrderViewController.m in Sources */ = {isa = PBXBuildFile; fileRef = FF91767122F8BA53007AEDB1 /* ClosedOrderViewController.m */; };
		FFAB492522F9FCE6003E2DA1 /* UIRefs.m in Sources */ = {isa = PBXBuildFile; fileRef = FFAB492422F9FCE6003E2DA1 /* UIRefs.m */; };
		FFAB492822FA1716003E2DA1 /* GifViewController.m in Sources */ = {isa = PBXBuildFile; fileRef = FFAB492722FA1716003E2DA1 /* GifViewController.m */; };
		FFAB493122FA4B8B003E2DA1 /* EmailViewController.m in Sources */ = {isa = PBXBuildFile; fileRef = FFAB493022FA4B8B003E2DA1 /* EmailViewController.m */; };
		FFAB493422FA56D3003E2DA1 /* CustomerTrack.m in Sources */ = {isa = PBXBuildFile; fileRef = FFAB493322FA56D3003E2DA1 /* CustomerTrack.m */; };
		FFB3224722DF9DF700BF966F /* WaitTableViewCell.m in Sources */ = {isa = PBXBuildFile; fileRef = FFB3224622DF9DF700BF966F /* WaitTableViewCell.m */; };
		FFC87ACD22EA2650009DE74C /* YelpLinkViewController.m in Sources */ = {isa = PBXBuildFile; fileRef = FFC87ACC22EA2650009DE74C /* YelpLinkViewController.m */; };
		FFC87AD322EA2A91009DE74C /* Link.m in Sources */ = {isa = PBXBuildFile; fileRef = FFC87AD222EA2A91009DE74C /* Link.m */; };
		FFEA6BC622E28DD0008665BD /* ElegantTableViewCell.m in Sources */ = {isa = PBXBuildFile; fileRef = FFEA6BC522E28DD0008665BD /* ElegantTableViewCell.m */; };
		FFEA6BCA22E28E03008665BD /* ComfortableTableViewCell.m in Sources */ = {isa = PBXBuildFile; fileRef = FFEA6BC922E28E03008665BD /* ComfortableTableViewCell.m */; };
		FFF1C48D22E02A8200C2AC03 /* specialStepper.m in Sources */ = {isa = PBXBuildFile; fileRef = FFF1C48C22E02A8200C2AC03 /* specialStepper.m */; };
		FFF1C49022E03B5300C2AC03 /* FunTableViewCell.m in Sources */ = {isa = PBXBuildFile; fileRef = FFF1C48F22E03B5300C2AC03 /* FunTableViewCell.m */; };
		FFFC45E122EE097B003E8FF6 /* OrderViewCell.m in Sources */ = {isa = PBXBuildFile; fileRef = FFFC45E022EE097B003E8FF6 /* OrderViewCell.m */; };
		FFFC45E422EE9162003E8FF6 /* OrdersViewController.m in Sources */ = {isa = PBXBuildFile; fileRef = FFFC45E322EE9162003E8FF6 /* OrdersViewController.m */; };
/* End PBXBuildFile section */

/* Begin PBXContainerItemProxy section */
		FF46E1A622DE436400E15A0E /* PBXContainerItemProxy */ = {
			isa = PBXContainerItemProxy;
			containerPortal = FF46E18522DE436400E15A0E /* Project object */;
			proxyType = 1;
			remoteGlobalIDString = FF46E18C22DE436400E15A0E;
			remoteInfo = "Fresh-Chef-Analytics";
		};
		FF46E1B122DE436400E15A0E /* PBXContainerItemProxy */ = {
			isa = PBXContainerItemProxy;
			containerPortal = FF46E18522DE436400E15A0E /* Project object */;
			proxyType = 1;
			remoteGlobalIDString = FF46E18C22DE436400E15A0E;
			remoteInfo = "Fresh-Chef-Analytics";
		};
/* End PBXContainerItemProxy section */

/* Begin PBXFileReference section */
		137E87BA3F889A52F963C1BB /* Pods-Fresh-Chef-AnalyticsTests.debug.xcconfig */ = {isa = PBXFileReference; includeInIndex = 1; lastKnownFileType = text.xcconfig; name = "Pods-Fresh-Chef-AnalyticsTests.debug.xcconfig"; path = "Target Support Files/Pods-Fresh-Chef-AnalyticsTests/Pods-Fresh-Chef-AnalyticsTests.debug.xcconfig"; sourceTree = "<group>"; };
		42A241F1C3DD4F89E8FCF59F /* Pods_Fresh_Chef_AnalyticsUITests.framework */ = {isa = PBXFileReference; explicitFileType = wrapper.framework; includeInIndex = 0; path = Pods_Fresh_Chef_AnalyticsUITests.framework; sourceTree = BUILT_PRODUCTS_DIR; };
		444D934F6C5257E53419EC99 /* Pods-Fresh-Chef-Analytics.release.xcconfig */ = {isa = PBXFileReference; includeInIndex = 1; lastKnownFileType = text.xcconfig; name = "Pods-Fresh-Chef-Analytics.release.xcconfig"; path = "Target Support Files/Pods-Fresh-Chef-Analytics/Pods-Fresh-Chef-Analytics.release.xcconfig"; sourceTree = "<group>"; };
		8FD3E4AFDEEFA0300D55D72D /* Pods-Fresh-Chef-AnalyticsTests.release.xcconfig */ = {isa = PBXFileReference; includeInIndex = 1; lastKnownFileType = text.xcconfig; name = "Pods-Fresh-Chef-AnalyticsTests.release.xcconfig"; path = "Target Support Files/Pods-Fresh-Chef-AnalyticsTests/Pods-Fresh-Chef-AnalyticsTests.release.xcconfig"; sourceTree = "<group>"; };
		A535D7B722DE6CE9002B79CA /* Dish.h */ = {isa = PBXFileReference; lastKnownFileType = sourcecode.c.h; path = Dish.h; sourceTree = "<group>"; };
		A535D7B822DE6CE9002B79CA /* Dish.m */ = {isa = PBXFileReference; lastKnownFileType = sourcecode.c.objc; path = Dish.m; sourceTree = "<group>"; };
		A535D7BD22DE9FBF002B79CA /* Waiter.h */ = {isa = PBXFileReference; lastKnownFileType = sourcecode.c.h; path = Waiter.h; sourceTree = "<group>"; };
		A535D7BE22DE9FBF002B79CA /* Waiter.m */ = {isa = PBXFileReference; lastKnownFileType = sourcecode.c.objc; path = Waiter.m; sourceTree = "<group>"; };
		A535D7C322DFD4B5002B79CA /* MenuManager.h */ = {isa = PBXFileReference; lastKnownFileType = sourcecode.c.h; path = MenuManager.h; sourceTree = "<group>"; };
		A535D7C422DFD4B5002B79CA /* MenuManager.m */ = {isa = PBXFileReference; lastKnownFileType = sourcecode.c.objc; path = MenuManager.m; sourceTree = "<group>"; };
		A535D7C622DFD6DB002B79CA /* EditMenuCell.h */ = {isa = PBXFileReference; lastKnownFileType = sourcecode.c.h; path = EditMenuCell.h; sourceTree = "<group>"; };
		A535D7C722DFD6DB002B79CA /* EditMenuCell.m */ = {isa = PBXFileReference; lastKnownFileType = sourcecode.c.objc; path = EditMenuCell.m; sourceTree = "<group>"; };
		A590E1AA22EFB71300D85B20 /* BarChartViewController.h */ = {isa = PBXFileReference; lastKnownFileType = sourcecode.c.h; path = BarChartViewController.h; sourceTree = "<group>"; };
		A590E1AB22EFB71300D85B20 /* BarChartViewController.m */ = {isa = PBXFileReference; lastKnownFileType = sourcecode.c.objc; path = BarChartViewController.m; sourceTree = "<group>"; };
		A5C06F5422E114E500F634E3 /* WaiterManager.h */ = {isa = PBXFileReference; lastKnownFileType = sourcecode.c.h; path = WaiterManager.h; sourceTree = "<group>"; };
		A5C06F5522E114E500F634E3 /* WaiterManager.m */ = {isa = PBXFileReference; lastKnownFileType = sourcecode.c.objc; path = WaiterManager.m; sourceTree = "<group>"; };
		A5C06F5722E11D3500F634E3 /* EditWaiterCell.h */ = {isa = PBXFileReference; lastKnownFileType = sourcecode.c.h; path = EditWaiterCell.h; sourceTree = "<group>"; };
		A5C06F5822E11D3500F634E3 /* EditWaiterCell.m */ = {isa = PBXFileReference; lastKnownFileType = sourcecode.c.objc; path = EditWaiterCell.m; sourceTree = "<group>"; };
		A5C06F5A22E2613100F634E3 /* WaiterListTableViewCell.h */ = {isa = PBXFileReference; lastKnownFileType = sourcecode.c.h; path = WaiterListTableViewCell.h; sourceTree = "<group>"; };
		A5C06F5B22E2613100F634E3 /* WaiterListTableViewCell.m */ = {isa = PBXFileReference; lastKnownFileType = sourcecode.c.objc; path = WaiterListTableViewCell.m; sourceTree = "<group>"; };
		A5C06F6322E67E7300F634E3 /* ScatterViewController.h */ = {isa = PBXFileReference; lastKnownFileType = sourcecode.c.h; path = ScatterViewController.h; sourceTree = "<group>"; };
		A5C06F6422E67E7300F634E3 /* ScatterViewController.m */ = {isa = PBXFileReference; lastKnownFileType = sourcecode.c.objc; path = ScatterViewController.m; sourceTree = "<group>"; };
		A5C06F6622E67E7F00F634E3 /* Top3Bot3ViewController.h */ = {isa = PBXFileReference; lastKnownFileType = sourcecode.c.h; path = Top3Bot3ViewController.h; sourceTree = "<group>"; };
		A5C06F6722E67E7F00F634E3 /* Top3Bot3ViewController.m */ = {isa = PBXFileReference; lastKnownFileType = sourcecode.c.objc; path = Top3Bot3ViewController.m; sourceTree = "<group>"; };
		A5C06F6922E67E8700F634E3 /* HistogramViewController.h */ = {isa = PBXFileReference; lastKnownFileType = sourcecode.c.h; path = HistogramViewController.h; sourceTree = "<group>"; };
		A5C06F6A22E67E8700F634E3 /* HistogramViewController.m */ = {isa = PBXFileReference; lastKnownFileType = sourcecode.c.objc; path = HistogramViewController.m; sourceTree = "<group>"; };
		A5C06F7622E8FECF00F634E3 /* OpenOrder.h */ = {isa = PBXFileReference; lastKnownFileType = sourcecode.c.h; path = OpenOrder.h; sourceTree = "<group>"; };
		A5C06F7722E8FECF00F634E3 /* OpenOrder.m */ = {isa = PBXFileReference; lastKnownFileType = sourcecode.c.objc; path = OpenOrder.m; sourceTree = "<group>"; };
		A5C06F7922E8FEEB00F634E3 /* ClosedOrder.h */ = {isa = PBXFileReference; lastKnownFileType = sourcecode.c.h; path = ClosedOrder.h; sourceTree = "<group>"; };
		A5C06F7A22E8FEEB00F634E3 /* ClosedOrder.m */ = {isa = PBXFileReference; lastKnownFileType = sourcecode.c.objc; path = ClosedOrder.m; sourceTree = "<group>"; };
		A5C06F7C22E9028000F634E3 /* OrderManager.h */ = {isa = PBXFileReference; lastKnownFileType = sourcecode.c.h; path = OrderManager.h; sourceTree = "<group>"; };
		A5C06F7D22E9028000F634E3 /* OrderManager.m */ = {isa = PBXFileReference; lastKnownFileType = sourcecode.c.objc; path = OrderManager.m; sourceTree = "<group>"; };
		A5CE07B222F8FFA500944539 /* PhotoAnnotation.h */ = {isa = PBXFileReference; lastKnownFileType = sourcecode.c.h; path = PhotoAnnotation.h; sourceTree = "<group>"; };
		A5CE07B322F8FFA500944539 /* PhotoAnnotation.m */ = {isa = PBXFileReference; lastKnownFileType = sourcecode.c.objc; path = PhotoAnnotation.m; sourceTree = "<group>"; };
		A5CE07B522F9F5F700944539 /* YelpAPIManager.h */ = {isa = PBXFileReference; fileEncoding = 4; lastKnownFileType = sourcecode.c.h; path = YelpAPIManager.h; sourceTree = "<group>"; };
		A5CE07B622F9F5F700944539 /* YelpAPIManager.m */ = {isa = PBXFileReference; fileEncoding = 4; lastKnownFileType = sourcecode.c.objc; path = YelpAPIManager.m; sourceTree = "<group>"; };
		A5D3896322F89D5B00B17AEC /* MapViewController.h */ = {isa = PBXFileReference; lastKnownFileType = sourcecode.c.h; path = MapViewController.h; sourceTree = "<group>"; };
		A5D3896422F89D5B00B17AEC /* MapViewController.m */ = {isa = PBXFileReference; lastKnownFileType = sourcecode.c.objc; path = MapViewController.m; sourceTree = "<group>"; };
		A5D3896622F8CBE000B17AEC /* Coordinate.h */ = {isa = PBXFileReference; lastKnownFileType = sourcecode.c.h; path = Coordinate.h; sourceTree = "<group>"; };
		A5D3896722F8CBE000B17AEC /* Coordinate.m */ = {isa = PBXFileReference; lastKnownFileType = sourcecode.c.objc; path = Coordinate.m; sourceTree = "<group>"; };
		A5ED3F3B22F3680300C0C031 /* CustomPopUpViewController.h */ = {isa = PBXFileReference; lastKnownFileType = sourcecode.c.h; path = CustomPopUpViewController.h; sourceTree = "<group>"; };
		A5ED3F3C22F3680300C0C031 /* CustomPopUpViewController.m */ = {isa = PBXFileReference; lastKnownFileType = sourcecode.c.objc; path = CustomPopUpViewController.m; sourceTree = "<group>"; };
		A5ED3F3E22F3D69900C0C031 /* CustomPopUpWaiterViewController.h */ = {isa = PBXFileReference; lastKnownFileType = sourcecode.c.h; path = CustomPopUpWaiterViewController.h; sourceTree = "<group>"; };
		A5ED3F3F22F3D69900C0C031 /* CustomPopUpWaiterViewController.m */ = {isa = PBXFileReference; lastKnownFileType = sourcecode.c.objc; path = CustomPopUpWaiterViewController.m; sourceTree = "<group>"; };
		B6795E9F22EB7C6400CCC0F8 /* ManagerOrderTableViewCell.h */ = {isa = PBXFileReference; lastKnownFileType = sourcecode.c.h; path = ManagerOrderTableViewCell.h; sourceTree = "<group>"; };
		B6795EA022EB7C6400CCC0F8 /* ManagerOrderTableViewCell.m */ = {isa = PBXFileReference; lastKnownFileType = sourcecode.c.objc; path = ManagerOrderTableViewCell.m; sourceTree = "<group>"; };
		B6795EA222EBB62700CCC0F8 /* ProfitTrendsViewController.h */ = {isa = PBXFileReference; lastKnownFileType = sourcecode.c.h; path = ProfitTrendsViewController.h; sourceTree = "<group>"; };
		B6795EA322EBB62700CCC0F8 /* ProfitTrendsViewController.m */ = {isa = PBXFileReference; lastKnownFileType = sourcecode.c.objc; path = ProfitTrendsViewController.m; sourceTree = "<group>"; };
		B6848BFD22F105CF0069CC94 /* NSDate+DayMethods.h */ = {isa = PBXFileReference; lastKnownFileType = sourcecode.c.h; path = "NSDate+DayMethods.h"; sourceTree = "<group>"; };
		B6848BFE22F105CF0069CC94 /* NSDate+DayMethods.m */ = {isa = PBXFileReference; lastKnownFileType = sourcecode.c.objc; path = "NSDate+DayMethods.m"; sourceTree = "<group>"; };
		B6848C0022F108930069CC94 /* FCADate.h */ = {isa = PBXFileReference; lastKnownFileType = sourcecode.c.h; path = FCADate.h; sourceTree = "<group>"; };
		B6848C0122F108930069CC94 /* FCADate.m */ = {isa = PBXFileReference; lastKnownFileType = sourcecode.c.objc; path = FCADate.m; sourceTree = "<group>"; };
		B6BC874B22E6867000264995 /* Top3Bottom3TableViewCell.h */ = {isa = PBXFileReference; lastKnownFileType = sourcecode.c.h; path = Top3Bottom3TableViewCell.h; sourceTree = "<group>"; };
		B6BC874C22E6867000264995 /* Top3Bottom3TableViewCell.m */ = {isa = PBXFileReference; lastKnownFileType = sourcecode.c.objc; path = Top3Bottom3TableViewCell.m; sourceTree = "<group>"; };
		B6C4BFEE22E8FE8500FE5EAC /* DataViewTableViewController.h */ = {isa = PBXFileReference; lastKnownFileType = sourcecode.c.h; path = DataViewTableViewController.h; sourceTree = "<group>"; };
		B6C4BFEF22E8FE8500FE5EAC /* DataViewTableViewController.m */ = {isa = PBXFileReference; lastKnownFileType = sourcecode.c.objc; path = DataViewTableViewController.m; sourceTree = "<group>"; };
		B6C4BFF722E9107400FE5EAC /* OrdersManagerViewController.h */ = {isa = PBXFileReference; lastKnownFileType = sourcecode.c.h; path = OrdersManagerViewController.h; sourceTree = "<group>"; };
		B6C4BFF822E9107400FE5EAC /* OrdersManagerViewController.m */ = {isa = PBXFileReference; lastKnownFileType = sourcecode.c.objc; path = OrdersManagerViewController.m; sourceTree = "<group>"; };
		B6C4BFFE22E91EAD00FE5EAC /* EditOrderViewController.h */ = {isa = PBXFileReference; lastKnownFileType = sourcecode.c.h; path = EditOrderViewController.h; sourceTree = "<group>"; };
		B6C4BFFF22E91EAD00FE5EAC /* EditOrderViewController.m */ = {isa = PBXFileReference; lastKnownFileType = sourcecode.c.objc; path = EditOrderViewController.m; sourceTree = "<group>"; };
		B6D7B35122DE6D27002093CB /* LoginViewController.h */ = {isa = PBXFileReference; lastKnownFileType = sourcecode.c.h; path = LoginViewController.h; sourceTree = "<group>"; };
		B6D7B35222DE6D27002093CB /* LoginViewController.m */ = {isa = PBXFileReference; lastKnownFileType = sourcecode.c.objc; path = LoginViewController.m; sourceTree = "<group>"; };
		B6D7B35422DE6D3F002093CB /* SignUpViewController.h */ = {isa = PBXFileReference; lastKnownFileType = sourcecode.c.h; path = SignUpViewController.h; sourceTree = "<group>"; };
		B6D7B35522DE6D40002093CB /* SignUpViewController.m */ = {isa = PBXFileReference; lastKnownFileType = sourcecode.c.objc; path = SignUpViewController.m; sourceTree = "<group>"; };
		B6D7B35A22DF95BA002093CB /* ManagerLoginViewController.h */ = {isa = PBXFileReference; lastKnownFileType = sourcecode.c.h; path = ManagerLoginViewController.h; sourceTree = "<group>"; };
		B6D7B35B22DF95BA002093CB /* ManagerLoginViewController.m */ = {isa = PBXFileReference; lastKnownFileType = sourcecode.c.objc; path = ManagerLoginViewController.m; sourceTree = "<group>"; };
		E0C930C3020050C5A39A8F92 /* Pods-Fresh-Chef-Analytics.debug.xcconfig */ = {isa = PBXFileReference; includeInIndex = 1; lastKnownFileType = text.xcconfig; name = "Pods-Fresh-Chef-Analytics.debug.xcconfig"; path = "Target Support Files/Pods-Fresh-Chef-Analytics/Pods-Fresh-Chef-Analytics.debug.xcconfig"; sourceTree = "<group>"; };
		EB80B1150EADC91FB15DCF37 /* Pods-Fresh-Chef-AnalyticsUITests.debug.xcconfig */ = {isa = PBXFileReference; includeInIndex = 1; lastKnownFileType = text.xcconfig; name = "Pods-Fresh-Chef-AnalyticsUITests.debug.xcconfig"; path = "Target Support Files/Pods-Fresh-Chef-AnalyticsUITests/Pods-Fresh-Chef-AnalyticsUITests.debug.xcconfig"; sourceTree = "<group>"; };
		F3C29AA8318918BF176BC866 /* Pods-Fresh-Chef-AnalyticsUITests.release.xcconfig */ = {isa = PBXFileReference; includeInIndex = 1; lastKnownFileType = text.xcconfig; name = "Pods-Fresh-Chef-AnalyticsUITests.release.xcconfig"; path = "Target Support Files/Pods-Fresh-Chef-AnalyticsUITests/Pods-Fresh-Chef-AnalyticsUITests.release.xcconfig"; sourceTree = "<group>"; };
		F807EA952E6B093FACEDA469 /* Pods_Fresh_Chef_AnalyticsTests.framework */ = {isa = PBXFileReference; explicitFileType = wrapper.framework; includeInIndex = 0; path = Pods_Fresh_Chef_AnalyticsTests.framework; sourceTree = BUILT_PRODUCTS_DIR; };
		FDB55402FC2976479D728C9F /* Pods_Fresh_Chef_Analytics.framework */ = {isa = PBXFileReference; explicitFileType = wrapper.framework; includeInIndex = 0; path = Pods_Fresh_Chef_Analytics.framework; sourceTree = BUILT_PRODUCTS_DIR; };
		FF03BF2C22DE963B00719E8C /* WaiterViewController.h */ = {isa = PBXFileReference; fileEncoding = 4; lastKnownFileType = sourcecode.c.h; path = WaiterViewController.h; sourceTree = "<group>"; };
		FF03BF2D22DE963B00719E8C /* WaiterViewController.m */ = {isa = PBXFileReference; fileEncoding = 4; lastKnownFileType = sourcecode.c.objc; path = WaiterViewController.m; sourceTree = "<group>"; };
		FF03BF2F22DE96EC00719E8C /* FunFormViewController.h */ = {isa = PBXFileReference; lastKnownFileType = sourcecode.c.h; path = FunFormViewController.h; sourceTree = "<group>"; };
		FF03BF3022DE96EC00719E8C /* FunFormViewController.m */ = {isa = PBXFileReference; lastKnownFileType = sourcecode.c.objc; path = FunFormViewController.m; sourceTree = "<group>"; };
		FF03BF3222DE971600719E8C /* ComfortableFormViewController.h */ = {isa = PBXFileReference; lastKnownFileType = sourcecode.c.h; path = ComfortableFormViewController.h; sourceTree = "<group>"; };
		FF03BF3322DE971600719E8C /* ComfortableFormViewController.m */ = {isa = PBXFileReference; lastKnownFileType = sourcecode.c.objc; path = ComfortableFormViewController.m; sourceTree = "<group>"; };
		FF03BF3522DE973B00719E8C /* ElegantFormViewController.h */ = {isa = PBXFileReference; lastKnownFileType = sourcecode.c.h; path = ElegantFormViewController.h; sourceTree = "<group>"; };
		FF03BF3622DE973B00719E8C /* ElegantFormViewController.m */ = {isa = PBXFileReference; lastKnownFileType = sourcecode.c.objc; path = ElegantFormViewController.m; sourceTree = "<group>"; };
		FF03BF3822DE975B00719E8C /* ReceiptViewController.h */ = {isa = PBXFileReference; lastKnownFileType = sourcecode.c.h; path = ReceiptViewController.h; sourceTree = "<group>"; };
		FF03BF3922DE975B00719E8C /* ReceiptViewController.m */ = {isa = PBXFileReference; lastKnownFileType = sourcecode.c.objc; path = ReceiptViewController.m; sourceTree = "<group>"; };
		FF03BF3B22DE97AD00719E8C /* ThankYouViewController.h */ = {isa = PBXFileReference; lastKnownFileType = sourcecode.c.h; path = ThankYouViewController.h; sourceTree = "<group>"; };
		FF03BF3C22DE97AD00719E8C /* ThankYouViewController.m */ = {isa = PBXFileReference; lastKnownFileType = sourcecode.c.objc; path = ThankYouViewController.m; sourceTree = "<group>"; };
		FF03BF3E22DE97C900719E8C /* AnotherTableViewController.h */ = {isa = PBXFileReference; lastKnownFileType = sourcecode.c.h; path = AnotherTableViewController.h; sourceTree = "<group>"; };
		FF03BF3F22DE97C900719E8C /* AnotherTableViewController.m */ = {isa = PBXFileReference; lastKnownFileType = sourcecode.c.objc; path = AnotherTableViewController.m; sourceTree = "<group>"; };
		FF03BF4122DE9FA700719E8C /* ProfileViewController.h */ = {isa = PBXFileReference; lastKnownFileType = sourcecode.c.h; path = ProfileViewController.h; sourceTree = "<group>"; };
		FF03BF4222DE9FA700719E8C /* ProfileViewController.m */ = {isa = PBXFileReference; lastKnownFileType = sourcecode.c.objc; path = ProfileViewController.m; sourceTree = "<group>"; };
		FF03BF4422DE9FC700719E8C /* EditMenuViewController.h */ = {isa = PBXFileReference; lastKnownFileType = sourcecode.c.h; path = EditMenuViewController.h; sourceTree = "<group>"; };
		FF03BF4522DE9FC700719E8C /* EditMenuViewController.m */ = {isa = PBXFileReference; lastKnownFileType = sourcecode.c.objc; path = EditMenuViewController.m; sourceTree = "<group>"; };
		FF03BF4722DE9FE000719E8C /* EditWaitViewController.h */ = {isa = PBXFileReference; lastKnownFileType = sourcecode.c.h; path = EditWaitViewController.h; sourceTree = "<group>"; };
		FF03BF4822DE9FE000719E8C /* EditWaitViewController.m */ = {isa = PBXFileReference; lastKnownFileType = sourcecode.c.objc; path = EditWaitViewController.m; sourceTree = "<group>"; };
		FF03BF4A22DE9FFD00719E8C /* MenuListViewController.h */ = {isa = PBXFileReference; lastKnownFileType = sourcecode.c.h; path = MenuListViewController.h; sourceTree = "<group>"; };
		FF03BF4B22DE9FFD00719E8C /* MenuListViewController.m */ = {isa = PBXFileReference; lastKnownFileType = sourcecode.c.objc; path = MenuListViewController.m; sourceTree = "<group>"; };
		FF03BF4E22DEA04900719E8C /* DishDetailsViewController.h */ = {isa = PBXFileReference; lastKnownFileType = sourcecode.c.h; path = DishDetailsViewController.h; sourceTree = "<group>"; };
		FF03BF4F22DEA04900719E8C /* DishDetailsViewController.m */ = {isa = PBXFileReference; lastKnownFileType = sourcecode.c.objc; path = DishDetailsViewController.m; sourceTree = "<group>"; };
		FF03BF5122DEA07700719E8C /* WaitListViewController.h */ = {isa = PBXFileReference; lastKnownFileType = sourcecode.c.h; path = WaitListViewController.h; sourceTree = "<group>"; };
		FF03BF5222DEA07700719E8C /* WaitListViewController.m */ = {isa = PBXFileReference; lastKnownFileType = sourcecode.c.objc; path = WaitListViewController.m; sourceTree = "<group>"; };
		FF03BF5422DEA0A000719E8C /* WaitDetailsViewController.h */ = {isa = PBXFileReference; lastKnownFileType = sourcecode.c.h; path = WaitDetailsViewController.h; sourceTree = "<group>"; };
		FF03BF5522DEA0A000719E8C /* WaitDetailsViewController.m */ = {isa = PBXFileReference; lastKnownFileType = sourcecode.c.objc; path = WaitDetailsViewController.m; sourceTree = "<group>"; };
		FF03BF5722DEA0C700719E8C /* CompetitorDetailsViewController.h */ = {isa = PBXFileReference; lastKnownFileType = sourcecode.c.h; path = CompetitorDetailsViewController.h; sourceTree = "<group>"; };
		FF03BF5822DEA0C700719E8C /* CompetitorDetailsViewController.m */ = {isa = PBXFileReference; lastKnownFileType = sourcecode.c.objc; path = CompetitorDetailsViewController.m; sourceTree = "<group>"; };
		FF03BF5A22DEA16600719E8C /* CompetitorListViewController.h */ = {isa = PBXFileReference; lastKnownFileType = sourcecode.c.h; path = CompetitorListViewController.h; sourceTree = "<group>"; };
		FF03BF5B22DEA16600719E8C /* CompetitorListViewController.m */ = {isa = PBXFileReference; lastKnownFileType = sourcecode.c.objc; path = CompetitorListViewController.m; sourceTree = "<group>"; };
		FF03BF6022DF763300719E8C /* MenuListTableViewCell.h */ = {isa = PBXFileReference; lastKnownFileType = sourcecode.c.h; name = MenuListTableViewCell.h; path = "Fresh-Chef-Analytics/View Controller/Manager VCs/MenuListTableViewCell.h"; sourceTree = SOURCE_ROOT; };
		FF03BF6122DF763300719E8C /* MenuListTableViewCell.m */ = {isa = PBXFileReference; lastKnownFileType = sourcecode.c.objc; name = MenuListTableViewCell.m; path = "Fresh-Chef-Analytics/View Controller/Manager VCs/MenuListTableViewCell.m"; sourceTree = SOURCE_ROOT; };
		FF1EDA9122E2951A00B1B897 /* Helpful_funs.h */ = {isa = PBXFileReference; lastKnownFileType = sourcecode.c.h; path = Helpful_funs.h; sourceTree = "<group>"; };
		FF1EDA9222E2951A00B1B897 /* Helpful_funs.m */ = {isa = PBXFileReference; lastKnownFileType = sourcecode.c.objc; path = Helpful_funs.m; sourceTree = "<group>"; };
		FF318E8722EAC57C003AF015 /* OpenOrderButton.h */ = {isa = PBXFileReference; lastKnownFileType = sourcecode.c.h; path = OpenOrderButton.h; sourceTree = "<group>"; };
		FF318E8822EAC57C003AF015 /* OpenOrderButton.m */ = {isa = PBXFileReference; lastKnownFileType = sourcecode.c.objc; path = OpenOrderButton.m; sourceTree = "<group>"; };
		FF343C832302336500912646 /* Assets.xcassets */ = {isa = PBXFileReference; lastKnownFileType = folder.assetcatalog; path = Assets.xcassets; sourceTree = "<group>"; };
		FF46E18D22DE436400E15A0E /* Fresh-Chef-Analytics.app */ = {isa = PBXFileReference; explicitFileType = wrapper.application; includeInIndex = 0; path = "Fresh-Chef-Analytics.app"; sourceTree = BUILT_PRODUCTS_DIR; };
		FF46E19022DE436400E15A0E /* AppDelegate.h */ = {isa = PBXFileReference; lastKnownFileType = sourcecode.c.h; path = AppDelegate.h; sourceTree = "<group>"; };
		FF46E19122DE436400E15A0E /* AppDelegate.m */ = {isa = PBXFileReference; lastKnownFileType = sourcecode.c.objc; path = AppDelegate.m; sourceTree = "<group>"; };
		FF46E19722DE436400E15A0E /* Base */ = {isa = PBXFileReference; lastKnownFileType = file.storyboard; name = Base; path = Base.lproj/Main.storyboard; sourceTree = "<group>"; };
		FF46E19C22DE436400E15A0E /* Base */ = {isa = PBXFileReference; lastKnownFileType = file.storyboard; name = Base; path = Base.lproj/LaunchScreen.storyboard; sourceTree = "<group>"; };
		FF46E19E22DE436400E15A0E /* Info.plist */ = {isa = PBXFileReference; lastKnownFileType = text.plist.xml; path = Info.plist; sourceTree = "<group>"; };
		FF46E19F22DE436400E15A0E /* main.m */ = {isa = PBXFileReference; lastKnownFileType = sourcecode.c.objc; path = main.m; sourceTree = "<group>"; };
		FF46E1A522DE436400E15A0E /* Fresh-Chef-AnalyticsTests.xctest */ = {isa = PBXFileReference; explicitFileType = wrapper.cfbundle; includeInIndex = 0; path = "Fresh-Chef-AnalyticsTests.xctest"; sourceTree = BUILT_PRODUCTS_DIR; };
		FF46E1A922DE436400E15A0E /* Fresh_Chef_AnalyticsTests.m */ = {isa = PBXFileReference; lastKnownFileType = sourcecode.c.objc; path = Fresh_Chef_AnalyticsTests.m; sourceTree = "<group>"; };
		FF46E1AB22DE436400E15A0E /* Info.plist */ = {isa = PBXFileReference; lastKnownFileType = text.plist.xml; path = Info.plist; sourceTree = "<group>"; };
		FF46E1B022DE436400E15A0E /* Fresh-Chef-AnalyticsUITests.xctest */ = {isa = PBXFileReference; explicitFileType = wrapper.cfbundle; includeInIndex = 0; path = "Fresh-Chef-AnalyticsUITests.xctest"; sourceTree = BUILT_PRODUCTS_DIR; };
		FF46E1B422DE436400E15A0E /* Fresh_Chef_AnalyticsUITests.m */ = {isa = PBXFileReference; lastKnownFileType = sourcecode.c.objc; path = Fresh_Chef_AnalyticsUITests.m; sourceTree = "<group>"; };
		FF46E1B622DE436400E15A0E /* Info.plist */ = {isa = PBXFileReference; lastKnownFileType = text.plist.xml; path = Info.plist; sourceTree = "<group>"; };
		FF4CA2EE2302166600E5A304 /* Invoice.h */ = {isa = PBXFileReference; lastKnownFileType = sourcecode.c.h; name = Invoice.h; path = "Fresh-Chef-Analytics/Invoice.h"; sourceTree = "<group>"; };
		FF4CA2EF2302166600E5A304 /* Invoice.m */ = {isa = PBXFileReference; lastKnownFileType = sourcecode.c.objc; name = Invoice.m; path = "Fresh-Chef-Analytics/Invoice.m"; sourceTree = "<group>"; };
		FF4CA2F1230216C100E5A304 /* Item.h */ = {isa = PBXFileReference; lastKnownFileType = sourcecode.c.h; path = Item.h; sourceTree = "<group>"; };
		FF4CA2F2230216C100E5A304 /* Item.m */ = {isa = PBXFileReference; lastKnownFileType = sourcecode.c.objc; path = Item.m; sourceTree = "<group>"; };
		FF4CA2F62302245D00E5A304 /* fakePayViewController.h */ = {isa = PBXFileReference; lastKnownFileType = sourcecode.c.h; path = fakePayViewController.h; sourceTree = "<group>"; };
		FF4CA2F72302245D00E5A304 /* fakePayViewController.m */ = {isa = PBXFileReference; lastKnownFileType = sourcecode.c.objc; path = fakePayViewController.m; sourceTree = "<group>"; };
		FF50D5A222FD2BC9002C5AAE /* WaiterCell.h */ = {isa = PBXFileReference; lastKnownFileType = sourcecode.c.h; path = WaiterCell.h; sourceTree = "<group>"; };
		FF50D5A322FD2BC9002C5AAE /* WaiterCell.m */ = {isa = PBXFileReference; lastKnownFileType = sourcecode.c.objc; path = WaiterCell.m; sourceTree = "<group>"; };
		FF5924FD22E2155D00F66EC6 /* ReceiptTableViewCell.h */ = {isa = PBXFileReference; lastKnownFileType = sourcecode.c.h; path = ReceiptTableViewCell.h; sourceTree = "<group>"; };
		FF5924FE22E2155D00F66EC6 /* ReceiptTableViewCell.m */ = {isa = PBXFileReference; lastKnownFileType = sourcecode.c.objc; path = ReceiptTableViewCell.m; sourceTree = "<group>"; };
		FF6EE1A222E01D85000AD729 /* order.m */ = {isa = PBXFileReference; lastKnownFileType = sourcecode.c.objc; path = order.m; sourceTree = "<group>"; };
		FF7374C922F257C400632056 /* AddItemViewController.h */ = {isa = PBXFileReference; lastKnownFileType = sourcecode.c.h; path = AddItemViewController.h; sourceTree = "<group>"; };
		FF7374CA22F257C400632056 /* AddItemViewController.m */ = {isa = PBXFileReference; lastKnownFileType = sourcecode.c.objc; path = AddItemViewController.m; sourceTree = "<group>"; };
		FF7374CC22F265B800632056 /* EditOrderViewCell.h */ = {isa = PBXFileReference; lastKnownFileType = sourcecode.c.h; path = EditOrderViewCell.h; sourceTree = "<group>"; };
		FF7374CD22F265B800632056 /* EditOrderViewCell.m */ = {isa = PBXFileReference; lastKnownFileType = sourcecode.c.objc; path = EditOrderViewCell.m; sourceTree = "<group>"; };
		FF85DF4F22E7BF180056726A /* CompetitorsCell.h */ = {isa = PBXFileReference; lastKnownFileType = sourcecode.c.h; path = CompetitorsCell.h; sourceTree = "<group>"; };
		FF85DF5022E7BF180056726A /* CompetitorsCell.m */ = {isa = PBXFileReference; lastKnownFileType = sourcecode.c.objc; path = CompetitorsCell.m; sourceTree = "<group>"; };
		FF91766622F51298007AEDB1 /* OpenOrderViewController.h */ = {isa = PBXFileReference; lastKnownFileType = sourcecode.c.h; path = OpenOrderViewController.h; sourceTree = "<group>"; };
		FF91766722F51298007AEDB1 /* OpenOrderViewController.m */ = {isa = PBXFileReference; lastKnownFileType = sourcecode.c.objc; path = OpenOrderViewController.m; sourceTree = "<group>"; };
		FF91766A22F51CFD007AEDB1 /* OrderCell.h */ = {isa = PBXFileReference; lastKnownFileType = sourcecode.c.h; path = OrderCell.h; sourceTree = "<group>"; };
		FF91766B22F51CFD007AEDB1 /* OrderCell.m */ = {isa = PBXFileReference; lastKnownFileType = sourcecode.c.objc; path = OrderCell.m; sourceTree = "<group>"; };
		FF91767022F8BA53007AEDB1 /* ClosedOrderViewController.h */ = {isa = PBXFileReference; lastKnownFileType = sourcecode.c.h; path = ClosedOrderViewController.h; sourceTree = "<group>"; };
		FF91767122F8BA53007AEDB1 /* ClosedOrderViewController.m */ = {isa = PBXFileReference; lastKnownFileType = sourcecode.c.objc; path = ClosedOrderViewController.m; sourceTree = "<group>"; };
		FFAB492322F9FCE6003E2DA1 /* UIRefs.h */ = {isa = PBXFileReference; lastKnownFileType = sourcecode.c.h; path = UIRefs.h; sourceTree = "<group>"; };
		FFAB492422F9FCE6003E2DA1 /* UIRefs.m */ = {isa = PBXFileReference; lastKnownFileType = sourcecode.c.objc; path = UIRefs.m; sourceTree = "<group>"; };
		FFAB492622FA1716003E2DA1 /* GifViewController.h */ = {isa = PBXFileReference; lastKnownFileType = sourcecode.c.h; path = GifViewController.h; sourceTree = "<group>"; };
		FFAB492722FA1716003E2DA1 /* GifViewController.m */ = {isa = PBXFileReference; lastKnownFileType = sourcecode.c.objc; path = GifViewController.m; sourceTree = "<group>"; };
		FFAB492F22FA4B8B003E2DA1 /* EmailViewController.h */ = {isa = PBXFileReference; lastKnownFileType = sourcecode.c.h; path = EmailViewController.h; sourceTree = "<group>"; };
		FFAB493022FA4B8B003E2DA1 /* EmailViewController.m */ = {isa = PBXFileReference; lastKnownFileType = sourcecode.c.objc; path = EmailViewController.m; sourceTree = "<group>"; };
		FFAB493222FA56D3003E2DA1 /* CustomerTrack.h */ = {isa = PBXFileReference; lastKnownFileType = sourcecode.c.h; path = CustomerTrack.h; sourceTree = "<group>"; };
		FFAB493322FA56D3003E2DA1 /* CustomerTrack.m */ = {isa = PBXFileReference; lastKnownFileType = sourcecode.c.objc; path = CustomerTrack.m; sourceTree = "<group>"; };
		FFB3224522DF9DF700BF966F /* WaitTableViewCell.h */ = {isa = PBXFileReference; lastKnownFileType = sourcecode.c.h; name = WaitTableViewCell.h; path = "Fresh-Chef-Analytics/View Controller/Waiter VCs/WaitTableViewCell.h"; sourceTree = SOURCE_ROOT; };
		FFB3224622DF9DF700BF966F /* WaitTableViewCell.m */ = {isa = PBXFileReference; lastKnownFileType = sourcecode.c.objc; name = WaitTableViewCell.m; path = "Fresh-Chef-Analytics/View Controller/Waiter VCs/WaitTableViewCell.m"; sourceTree = SOURCE_ROOT; };
		FFC87ACB22EA2650009DE74C /* YelpLinkViewController.h */ = {isa = PBXFileReference; lastKnownFileType = sourcecode.c.h; path = YelpLinkViewController.h; sourceTree = "<group>"; };
		FFC87ACC22EA2650009DE74C /* YelpLinkViewController.m */ = {isa = PBXFileReference; lastKnownFileType = sourcecode.c.objc; path = YelpLinkViewController.m; sourceTree = "<group>"; };
		FFC87AD122EA2A91009DE74C /* Link.h */ = {isa = PBXFileReference; lastKnownFileType = sourcecode.c.h; path = Link.h; sourceTree = "<group>"; };
		FFC87AD222EA2A91009DE74C /* Link.m */ = {isa = PBXFileReference; lastKnownFileType = sourcecode.c.objc; path = Link.m; sourceTree = "<group>"; };
		FFEA6BC422E28DD0008665BD /* ElegantTableViewCell.h */ = {isa = PBXFileReference; lastKnownFileType = sourcecode.c.h; path = ElegantTableViewCell.h; sourceTree = "<group>"; };
		FFEA6BC522E28DD0008665BD /* ElegantTableViewCell.m */ = {isa = PBXFileReference; lastKnownFileType = sourcecode.c.objc; path = ElegantTableViewCell.m; sourceTree = "<group>"; };
		FFEA6BC822E28E03008665BD /* ComfortableTableViewCell.h */ = {isa = PBXFileReference; lastKnownFileType = sourcecode.c.h; path = ComfortableTableViewCell.h; sourceTree = "<group>"; };
		FFEA6BC922E28E03008665BD /* ComfortableTableViewCell.m */ = {isa = PBXFileReference; lastKnownFileType = sourcecode.c.objc; path = ComfortableTableViewCell.m; sourceTree = "<group>"; };
		FFECCE4522E668F40000FDFF /* Fresh-Chef-Analytics-Bridging-Header.h */ = {isa = PBXFileReference; lastKnownFileType = sourcecode.c.h; path = "Fresh-Chef-Analytics-Bridging-Header.h"; sourceTree = "<group>"; };
		FFF1C48B22E02A8200C2AC03 /* specialStepper.h */ = {isa = PBXFileReference; lastKnownFileType = sourcecode.c.h; path = specialStepper.h; sourceTree = "<group>"; };
		FFF1C48C22E02A8200C2AC03 /* specialStepper.m */ = {isa = PBXFileReference; lastKnownFileType = sourcecode.c.objc; path = specialStepper.m; sourceTree = "<group>"; };
		FFF1C48E22E03B5300C2AC03 /* FunTableViewCell.h */ = {isa = PBXFileReference; lastKnownFileType = sourcecode.c.h; path = FunTableViewCell.h; sourceTree = "<group>"; };
		FFF1C48F22E03B5300C2AC03 /* FunTableViewCell.m */ = {isa = PBXFileReference; lastKnownFileType = sourcecode.c.objc; path = FunTableViewCell.m; sourceTree = "<group>"; };
		FFFC45DF22EE097B003E8FF6 /* OrderViewCell.h */ = {isa = PBXFileReference; lastKnownFileType = sourcecode.c.h; path = OrderViewCell.h; sourceTree = "<group>"; };
		FFFC45E022EE097B003E8FF6 /* OrderViewCell.m */ = {isa = PBXFileReference; lastKnownFileType = sourcecode.c.objc; path = OrderViewCell.m; sourceTree = "<group>"; };
		FFFC45E222EE9162003E8FF6 /* OrdersViewController.h */ = {isa = PBXFileReference; lastKnownFileType = sourcecode.c.h; path = OrdersViewController.h; sourceTree = "<group>"; };
		FFFC45E322EE9162003E8FF6 /* OrdersViewController.m */ = {isa = PBXFileReference; lastKnownFileType = sourcecode.c.objc; path = OrdersViewController.m; sourceTree = "<group>"; };
/* End PBXFileReference section */

/* Begin PBXFrameworksBuildPhase section */
		FF46E18A22DE436400E15A0E /* Frameworks */ = {
			isa = PBXFrameworksBuildPhase;
			buildActionMask = 2147483647;
			files = (
				3E28F5D2BA1F9BD1703EEE6F /* Pods_Fresh_Chef_Analytics.framework in Frameworks */,
			);
			runOnlyForDeploymentPostprocessing = 0;
		};
		FF46E1A222DE436400E15A0E /* Frameworks */ = {
			isa = PBXFrameworksBuildPhase;
			buildActionMask = 2147483647;
			files = (
				610645E0378F7831106AAEF4 /* Pods_Fresh_Chef_AnalyticsTests.framework in Frameworks */,
			);
			runOnlyForDeploymentPostprocessing = 0;
		};
		FF46E1AD22DE436400E15A0E /* Frameworks */ = {
			isa = PBXFrameworksBuildPhase;
			buildActionMask = 2147483647;
			files = (
				04AFA30B5ED81F3A4751557F /* Pods_Fresh_Chef_AnalyticsUITests.framework in Frameworks */,
			);
			runOnlyForDeploymentPostprocessing = 0;
		};
/* End PBXFrameworksBuildPhase section */

/* Begin PBXGroup section */
		08231CD541BC145944FD159E /* Frameworks */ = {
			isa = PBXGroup;
			children = (
				FDB55402FC2976479D728C9F /* Pods_Fresh_Chef_Analytics.framework */,
				F807EA952E6B093FACEDA469 /* Pods_Fresh_Chef_AnalyticsTests.framework */,
				42A241F1C3DD4F89E8FCF59F /* Pods_Fresh_Chef_AnalyticsUITests.framework */,
			);
			name = Frameworks;
			sourceTree = "<group>";
		};
		A535D7B422DE6B8C002B79CA /* Models */ = {
			isa = PBXGroup;
			children = (
				A5CE07B522F9F5F700944539 /* YelpAPIManager.h */,
				A5CE07B622F9F5F700944539 /* YelpAPIManager.m */,
				FF318E8722EAC57C003AF015 /* OpenOrderButton.h */,
				FF318E8822EAC57C003AF015 /* OpenOrderButton.m */,
				A535D7B722DE6CE9002B79CA /* Dish.h */,
				FFAB493222FA56D3003E2DA1 /* CustomerTrack.h */,
				FFAB493322FA56D3003E2DA1 /* CustomerTrack.m */,
				A535D7B822DE6CE9002B79CA /* Dish.m */,
				A535D7BD22DE9FBF002B79CA /* Waiter.h */,
				A535D7BE22DE9FBF002B79CA /* Waiter.m */,
				A535D7C322DFD4B5002B79CA /* MenuManager.h */,
				A535D7C422DFD4B5002B79CA /* MenuManager.m */,
				FFAB492322F9FCE6003E2DA1 /* UIRefs.h */,
				FFAB492422F9FCE6003E2DA1 /* UIRefs.m */,
				FF1EDA9122E2951A00B1B897 /* Helpful_funs.h */,
				FF1EDA9222E2951A00B1B897 /* Helpful_funs.m */,
				FFF1C48B22E02A8200C2AC03 /* specialStepper.h */,
				FFF1C48C22E02A8200C2AC03 /* specialStepper.m */,
				A5C06F5422E114E500F634E3 /* WaiterManager.h */,
				A5C06F5522E114E500F634E3 /* WaiterManager.m */,
				FFECCE4522E668F40000FDFF /* Fresh-Chef-Analytics-Bridging-Header.h */,
				A5C06F7622E8FECF00F634E3 /* OpenOrder.h */,
				A5C06F7722E8FECF00F634E3 /* OpenOrder.m */,
				A5C06F7922E8FEEB00F634E3 /* ClosedOrder.h */,
				A5C06F7A22E8FEEB00F634E3 /* ClosedOrder.m */,
				A5C06F7C22E9028000F634E3 /* OrderManager.h */,
				A5C06F7D22E9028000F634E3 /* OrderManager.m */,
				FFC87AD122EA2A91009DE74C /* Link.h */,
				FFC87AD222EA2A91009DE74C /* Link.m */,
				B6848BFD22F105CF0069CC94 /* NSDate+DayMethods.h */,
				B6848BFE22F105CF0069CC94 /* NSDate+DayMethods.m */,
				B6848C0022F108930069CC94 /* FCADate.h */,
				B6848C0122F108930069CC94 /* FCADate.m */,
				A5D3896622F8CBE000B17AEC /* Coordinate.h */,
				A5D3896722F8CBE000B17AEC /* Coordinate.m */,
				A5CE07B222F8FFA500944539 /* PhotoAnnotation.h */,
				A5CE07B322F8FFA500944539 /* PhotoAnnotation.m */,
			);
			path = Models;
			sourceTree = "<group>";
		};
		A535D7B522DE6B92002B79CA /* Views */ = {
			isa = PBXGroup;
			children = (
				FF7374CC22F265B800632056 /* EditOrderViewCell.h */,
				FF7374CD22F265B800632056 /* EditOrderViewCell.m */,
				FFFC45DF22EE097B003E8FF6 /* OrderViewCell.h */,
				FFFC45E022EE097B003E8FF6 /* OrderViewCell.m */,
				FF85DF4F22E7BF180056726A /* CompetitorsCell.h */,
				FF85DF5022E7BF180056726A /* CompetitorsCell.m */,
				FF5924FD22E2155D00F66EC6 /* ReceiptTableViewCell.h */,
				FF5924FE22E2155D00F66EC6 /* ReceiptTableViewCell.m */,
				FFB3224522DF9DF700BF966F /* WaitTableViewCell.h */,
				FFB3224622DF9DF700BF966F /* WaitTableViewCell.m */,
				FF03BF6022DF763300719E8C /* MenuListTableViewCell.h */,
				FF03BF6122DF763300719E8C /* MenuListTableViewCell.m */,
				A535D7C622DFD6DB002B79CA /* EditMenuCell.h */,
				A535D7C722DFD6DB002B79CA /* EditMenuCell.m */,
				A5C06F5722E11D3500F634E3 /* EditWaiterCell.h */,
				A5C06F5822E11D3500F634E3 /* EditWaiterCell.m */,
				A5C06F5A22E2613100F634E3 /* WaiterListTableViewCell.h */,
				A5C06F5B22E2613100F634E3 /* WaiterListTableViewCell.m */,
				B6BC874B22E6867000264995 /* Top3Bottom3TableViewCell.h */,
				B6BC874C22E6867000264995 /* Top3Bottom3TableViewCell.m */,
				B6795E9F22EB7C6400CCC0F8 /* ManagerOrderTableViewCell.h */,
				B6795EA022EB7C6400CCC0F8 /* ManagerOrderTableViewCell.m */,
			);
			path = Views;
			sourceTree = "<group>";
		};
		A535D7B622DE6B95002B79CA /* View Controller */ = {
			isa = PBXGroup;
			children = (
				FF03BF2B22DE95E400719E8C /* Login VCs */,
				FF03BF2A22DE95DA00719E8C /* Manager VCs */,
				FF03BF2922DE95C900719E8C /* Waiter VCs */,
			);
			path = "View Controller";
			sourceTree = "<group>";
		};
		A5C06F6222E67E3A00F634E3 /* Child VCs */ = {
			isa = PBXGroup;
			children = (
				A5C06F6322E67E7300F634E3 /* ScatterViewController.h */,
				A5C06F6422E67E7300F634E3 /* ScatterViewController.m */,
				A5C06F6622E67E7F00F634E3 /* Top3Bot3ViewController.h */,
				A5C06F6722E67E7F00F634E3 /* Top3Bot3ViewController.m */,
				A5C06F6922E67E8700F634E3 /* HistogramViewController.h */,
				A5C06F6A22E67E8700F634E3 /* HistogramViewController.m */,
				B6795EA222EBB62700CCC0F8 /* ProfitTrendsViewController.h */,
				B6795EA322EBB62700CCC0F8 /* ProfitTrendsViewController.m */,
				A590E1AA22EFB71300D85B20 /* BarChartViewController.h */,
				A590E1AB22EFB71300D85B20 /* BarChartViewController.m */,
			);
			path = "Child VCs";
			sourceTree = "<group>";
		};
		A5C06F8022E9116400F634E3 /* Recovered References */ = {
			isa = PBXGroup;
			children = (
			);
			name = "Recovered References";
			sourceTree = "<group>";
		};
		B2353C68BCB0DF7918364525 /* Pods */ = {
			isa = PBXGroup;
			children = (
				E0C930C3020050C5A39A8F92 /* Pods-Fresh-Chef-Analytics.debug.xcconfig */,
				444D934F6C5257E53419EC99 /* Pods-Fresh-Chef-Analytics.release.xcconfig */,
				137E87BA3F889A52F963C1BB /* Pods-Fresh-Chef-AnalyticsTests.debug.xcconfig */,
				8FD3E4AFDEEFA0300D55D72D /* Pods-Fresh-Chef-AnalyticsTests.release.xcconfig */,
				EB80B1150EADC91FB15DCF37 /* Pods-Fresh-Chef-AnalyticsUITests.debug.xcconfig */,
				F3C29AA8318918BF176BC866 /* Pods-Fresh-Chef-AnalyticsUITests.release.xcconfig */,
			);
			path = Pods;
			sourceTree = "<group>";
		};
		B6C4BFFA22E910F900FE5EAC /* Recovered References */ = {
			isa = PBXGroup;
			children = (
			);
			name = "Recovered References";
			sourceTree = "<group>";
		};
		FF03BF2922DE95C900719E8C /* Waiter VCs */ = {
			isa = PBXGroup;
			children = (
				FF4CA2F62302245D00E5A304 /* fakePayViewController.h */,
				FF03BF3822DE975B00719E8C /* ReceiptViewController.h */,
				FF03BF3922DE975B00719E8C /* ReceiptViewController.m */,
				FF4CA2F72302245D00E5A304 /* fakePayViewController.m */,
				FFAB492F22FA4B8B003E2DA1 /* EmailViewController.h */,
				FFAB493022FA4B8B003E2DA1 /* EmailViewController.m */,
				FF7374C922F257C400632056 /* AddItemViewController.h */,
				FF4CA2ED2302163500E5A304 /* PayPal */,
				FF7374CA22F257C400632056 /* AddItemViewController.m */,
				FFDB60FD22E91BCE00902FE3 /* Form Views */,
				FF03BF3E22DE97C900719E8C /* AnotherTableViewController.h */,
				FF03BF3F22DE97C900719E8C /* AnotherTableViewController.m */,
				FF03BF3B22DE97AD00719E8C /* ThankYouViewController.h */,
				FF03BF3C22DE97AD00719E8C /* ThankYouViewController.m */,
				FF03BF3522DE973B00719E8C /* ElegantFormViewController.h */,
				FF03BF3622DE973B00719E8C /* ElegantFormViewController.m */,
				FF03BF3222DE971600719E8C /* ComfortableFormViewController.h */,
				FF03BF3322DE971600719E8C /* ComfortableFormViewController.m */,
				FF03BF2C22DE963B00719E8C /* WaiterViewController.h */,
				FF03BF2D22DE963B00719E8C /* WaiterViewController.m */,
				FF03BF2F22DE96EC00719E8C /* FunFormViewController.h */,
				FF03BF3022DE96EC00719E8C /* FunFormViewController.m */,
				FFFC45E222EE9162003E8FF6 /* OrdersViewController.h */,
				FFFC45E322EE9162003E8FF6 /* OrdersViewController.m */,
				B6C4BFFE22E91EAD00FE5EAC /* EditOrderViewController.h */,
				B6C4BFFF22E91EAD00FE5EAC /* EditOrderViewController.m */,
			);
			path = "Waiter VCs";
			sourceTree = "<group>";
		};
		FF03BF2A22DE95DA00719E8C /* Manager VCs */ = {
			isa = PBXGroup;
			children = (
				FF91766922F512A0007AEDB1 /* Orders */,
				FFC87ACB22EA2650009DE74C /* YelpLinkViewController.h */,
				FFC87ACC22EA2650009DE74C /* YelpLinkViewController.m */,
				FF03BF4D22DEA03700719E8C /* Details VCs */,
				A5C06F6222E67E3A00F634E3 /* Child VCs */,
				FF03BF5A22DEA16600719E8C /* CompetitorListViewController.h */,
				FF03BF5B22DEA16600719E8C /* CompetitorListViewController.m */,
				FF03BF5122DEA07700719E8C /* WaitListViewController.h */,
				FF03BF5222DEA07700719E8C /* WaitListViewController.m */,
				FF03BF4A22DE9FFD00719E8C /* MenuListViewController.h */,
				FF03BF4B22DE9FFD00719E8C /* MenuListViewController.m */,
				FF03BF4722DE9FE000719E8C /* EditWaitViewController.h */,
				FF03BF4822DE9FE000719E8C /* EditWaitViewController.m */,
				FF03BF4422DE9FC700719E8C /* EditMenuViewController.h */,
				FF03BF4522DE9FC700719E8C /* EditMenuViewController.m */,
				FF03BF4122DE9FA700719E8C /* ProfileViewController.h */,
				FF03BF4222DE9FA700719E8C /* ProfileViewController.m */,
				B6C4BFEE22E8FE8500FE5EAC /* DataViewTableViewController.h */,
				B6C4BFEF22E8FE8500FE5EAC /* DataViewTableViewController.m */,
				A5ED3F3B22F3680300C0C031 /* CustomPopUpViewController.h */,
				A5ED3F3C22F3680300C0C031 /* CustomPopUpViewController.m */,
				A5ED3F3E22F3D69900C0C031 /* CustomPopUpWaiterViewController.h */,
				A5ED3F3F22F3D69900C0C031 /* CustomPopUpWaiterViewController.m */,
				A5D3896322F89D5B00B17AEC /* MapViewController.h */,
				A5D3896422F89D5B00B17AEC /* MapViewController.m */,
			);
			path = "Manager VCs";
			sourceTree = "<group>";
		};
		FF03BF2B22DE95E400719E8C /* Login VCs */ = {
			isa = PBXGroup;
			children = (
				FFAB492622FA1716003E2DA1 /* GifViewController.h */,
				FFAB492722FA1716003E2DA1 /* GifViewController.m */,
				B6D7B35122DE6D27002093CB /* LoginViewController.h */,
				B6D7B35222DE6D27002093CB /* LoginViewController.m */,
				B6D7B35422DE6D3F002093CB /* SignUpViewController.h */,
				B6D7B35522DE6D40002093CB /* SignUpViewController.m */,
				B6D7B35A22DF95BA002093CB /* ManagerLoginViewController.h */,
				B6D7B35B22DF95BA002093CB /* ManagerLoginViewController.m */,
			);
			path = "Login VCs";
			sourceTree = "<group>";
		};
		FF03BF4D22DEA03700719E8C /* Details VCs */ = {
			isa = PBXGroup;
			children = (
				FF03BF5722DEA0C700719E8C /* CompetitorDetailsViewController.h */,
				FF03BF5822DEA0C700719E8C /* CompetitorDetailsViewController.m */,
				FF03BF5422DEA0A000719E8C /* WaitDetailsViewController.h */,
				FF03BF5522DEA0A000719E8C /* WaitDetailsViewController.m */,
				FF03BF4E22DEA04900719E8C /* DishDetailsViewController.h */,
				FF03BF4F22DEA04900719E8C /* DishDetailsViewController.m */,
			);
			path = "Details VCs";
			sourceTree = "<group>";
		};
		FF46E18422DE436400E15A0E = {
			isa = PBXGroup;
			children = (
				FF46E18F22DE436400E15A0E /* Fresh-Chef-Analytics */,
				FF46E1A822DE436400E15A0E /* Fresh-Chef-AnalyticsTests */,
				FF46E1B322DE436400E15A0E /* Fresh-Chef-AnalyticsUITests */,
				FF46E18E22DE436400E15A0E /* Products */,
				B2353C68BCB0DF7918364525 /* Pods */,
				08231CD541BC145944FD159E /* Frameworks */,
				B6C4BFFA22E910F900FE5EAC /* Recovered References */,
				A5C06F8022E9116400F634E3 /* Recovered References */,
				FF9AF93022E90ACC00A0D1FE /* Recovered References */,
			);
			sourceTree = "<group>";
		};
		FF46E18E22DE436400E15A0E /* Products */ = {
			isa = PBXGroup;
			children = (
				FF46E18D22DE436400E15A0E /* Fresh-Chef-Analytics.app */,
				FF46E1A522DE436400E15A0E /* Fresh-Chef-AnalyticsTests.xctest */,
				FF46E1B022DE436400E15A0E /* Fresh-Chef-AnalyticsUITests.xctest */,
			);
			name = Products;
			sourceTree = "<group>";
		};
		FF46E18F22DE436400E15A0E /* Fresh-Chef-Analytics */ = {
			isa = PBXGroup;
			children = (
				A535D7B622DE6B95002B79CA /* View Controller */,
				A535D7B522DE6B92002B79CA /* Views */,
				A535D7B422DE6B8C002B79CA /* Models */,
				FF46E19022DE436400E15A0E /* AppDelegate.h */,
				FF46E19122DE436400E15A0E /* AppDelegate.m */,
				FF46E19622DE436400E15A0E /* Main.storyboard */,
				FF343C832302336500912646 /* Assets.xcassets */,
				FF46E19B22DE436400E15A0E /* LaunchScreen.storyboard */,
				FF46E19E22DE436400E15A0E /* Info.plist */,
				FF46E19F22DE436400E15A0E /* main.m */,
			);
			path = "Fresh-Chef-Analytics";
			sourceTree = "<group>";
		};
		FF46E1A822DE436400E15A0E /* Fresh-Chef-AnalyticsTests */ = {
			isa = PBXGroup;
			children = (
				FF46E1A922DE436400E15A0E /* Fresh_Chef_AnalyticsTests.m */,
				FF46E1AB22DE436400E15A0E /* Info.plist */,
			);
			path = "Fresh-Chef-AnalyticsTests";
			sourceTree = "<group>";
		};
		FF46E1B322DE436400E15A0E /* Fresh-Chef-AnalyticsUITests */ = {
			isa = PBXGroup;
			children = (
				FF46E1B422DE436400E15A0E /* Fresh_Chef_AnalyticsUITests.m */,
				FF46E1B622DE436400E15A0E /* Info.plist */,
			);
			path = "Fresh-Chef-AnalyticsUITests";
			sourceTree = "<group>";
		};
		FF4CA2ED2302163500E5A304 /* PayPal */ = {
			isa = PBXGroup;
			children = (
				FF4CA2EE2302166600E5A304 /* Invoice.h */,
				FF4CA2EF2302166600E5A304 /* Invoice.m */,
				FF4CA2F1230216C100E5A304 /* Item.h */,
				FF4CA2F2230216C100E5A304 /* Item.m */,
			);
			name = PayPal;
			path = ../../..;
			sourceTree = "<group>";
		};
		FF91766922F512A0007AEDB1 /* Orders */ = {
			isa = PBXGroup;
			children = (
				FF91766A22F51CFD007AEDB1 /* OrderCell.h */,
				FF91766B22F51CFD007AEDB1 /* OrderCell.m */,
				FF91766722F51298007AEDB1 /* OpenOrderViewController.m */,
				FF91767022F8BA53007AEDB1 /* ClosedOrderViewController.h */,
				FF91767122F8BA53007AEDB1 /* ClosedOrderViewController.m */,
				B6C4BFF722E9107400FE5EAC /* OrdersManagerViewController.h */,
				B6C4BFF822E9107400FE5EAC /* OrdersManagerViewController.m */,
				FF91766622F51298007AEDB1 /* OpenOrderViewController.h */,
			);
			path = Orders;
			sourceTree = "<group>";
		};
		FF9AF93022E90ACC00A0D1FE /* Recovered References */ = {
			isa = PBXGroup;
			children = (
				FF6EE1A222E01D85000AD729 /* order.m */,
			);
			name = "Recovered References";
			sourceTree = "<group>";
		};
		FFDB60FD22E91BCE00902FE3 /* Form Views */ = {
			isa = PBXGroup;
			children = (
				FF50D5A222FD2BC9002C5AAE /* WaiterCell.h */,
				FF50D5A322FD2BC9002C5AAE /* WaiterCell.m */,
				FFEA6BC822E28E03008665BD /* ComfortableTableViewCell.h */,
				FFEA6BC922E28E03008665BD /* ComfortableTableViewCell.m */,
				FFEA6BC422E28DD0008665BD /* ElegantTableViewCell.h */,
				FFEA6BC522E28DD0008665BD /* ElegantTableViewCell.m */,
				FFF1C48E22E03B5300C2AC03 /* FunTableViewCell.h */,
				FFF1C48F22E03B5300C2AC03 /* FunTableViewCell.m */,
			);
			path = "Form Views";
			sourceTree = "<group>";
		};
/* End PBXGroup section */

/* Begin PBXNativeTarget section */
		FF46E18C22DE436400E15A0E /* Fresh-Chef-Analytics */ = {
			isa = PBXNativeTarget;
			buildConfigurationList = FF46E1B922DE436400E15A0E /* Build configuration list for PBXNativeTarget "Fresh-Chef-Analytics" */;
			buildPhases = (
				C33F6EB6EFF05193AA4E8911 /* [CP] Check Pods Manifest.lock */,
				FF46E18922DE436400E15A0E /* Sources */,
				FF46E18A22DE436400E15A0E /* Frameworks */,
				FF46E18B22DE436400E15A0E /* Resources */,
				80BF0F962AB6B85828EB3CAB /* [CP] Embed Pods Frameworks */,
			);
			buildRules = (
			);
			dependencies = (
			);
			name = "Fresh-Chef-Analytics";
			productName = "Fresh-Chef-Analytics";
			productReference = FF46E18D22DE436400E15A0E /* Fresh-Chef-Analytics.app */;
			productType = "com.apple.product-type.application";
		};
		FF46E1A422DE436400E15A0E /* Fresh-Chef-AnalyticsTests */ = {
			isa = PBXNativeTarget;
			buildConfigurationList = FF46E1BC22DE436400E15A0E /* Build configuration list for PBXNativeTarget "Fresh-Chef-AnalyticsTests" */;
			buildPhases = (
				EC12F21569B886348B0B37D0 /* [CP] Check Pods Manifest.lock */,
				FF46E1A122DE436400E15A0E /* Sources */,
				FF46E1A222DE436400E15A0E /* Frameworks */,
				FF46E1A322DE436400E15A0E /* Resources */,
			);
			buildRules = (
			);
			dependencies = (
				FF46E1A722DE436400E15A0E /* PBXTargetDependency */,
			);
			name = "Fresh-Chef-AnalyticsTests";
			productName = "Fresh-Chef-AnalyticsTests";
			productReference = FF46E1A522DE436400E15A0E /* Fresh-Chef-AnalyticsTests.xctest */;
			productType = "com.apple.product-type.bundle.unit-test";
		};
		FF46E1AF22DE436400E15A0E /* Fresh-Chef-AnalyticsUITests */ = {
			isa = PBXNativeTarget;
			buildConfigurationList = FF46E1BF22DE436400E15A0E /* Build configuration list for PBXNativeTarget "Fresh-Chef-AnalyticsUITests" */;
			buildPhases = (
				5677C1720220E3D0F100ED00 /* [CP] Check Pods Manifest.lock */,
				FF46E1AC22DE436400E15A0E /* Sources */,
				FF46E1AD22DE436400E15A0E /* Frameworks */,
				FF46E1AE22DE436400E15A0E /* Resources */,
			);
			buildRules = (
			);
			dependencies = (
				FF46E1B222DE436400E15A0E /* PBXTargetDependency */,
			);
			name = "Fresh-Chef-AnalyticsUITests";
			productName = "Fresh-Chef-AnalyticsUITests";
			productReference = FF46E1B022DE436400E15A0E /* Fresh-Chef-AnalyticsUITests.xctest */;
			productType = "com.apple.product-type.bundle.ui-testing";
		};
/* End PBXNativeTarget section */

/* Begin PBXProject section */
		FF46E18522DE436400E15A0E /* Project object */ = {
			isa = PBXProject;
			attributes = {
				LastUpgradeCheck = 1020;
				ORGANIZATIONNAME = "julia@ipearl.net";
				TargetAttributes = {
					FF46E18C22DE436400E15A0E = {
						CreatedOnToolsVersion = 10.2.1;
						LastSwiftMigration = 1030;
					};
					FF46E1A422DE436400E15A0E = {
						CreatedOnToolsVersion = 10.2.1;
						TestTargetID = FF46E18C22DE436400E15A0E;
					};
					FF46E1AF22DE436400E15A0E = {
						CreatedOnToolsVersion = 10.2.1;
						TestTargetID = FF46E18C22DE436400E15A0E;
					};
				};
			};
			buildConfigurationList = FF46E18822DE436400E15A0E /* Build configuration list for PBXProject "Fresh-Chef-Analytics" */;
			compatibilityVersion = "Xcode 9.3";
			developmentRegion = en;
			hasScannedForEncodings = 0;
			knownRegions = (
				en,
				Base,
			);
			mainGroup = FF46E18422DE436400E15A0E;
			productRefGroup = FF46E18E22DE436400E15A0E /* Products */;
			projectDirPath = "";
			projectRoot = "";
			targets = (
				FF46E18C22DE436400E15A0E /* Fresh-Chef-Analytics */,
				FF46E1A422DE436400E15A0E /* Fresh-Chef-AnalyticsTests */,
				FF46E1AF22DE436400E15A0E /* Fresh-Chef-AnalyticsUITests */,
			);
		};
/* End PBXProject section */

/* Begin PBXResourcesBuildPhase section */
		FF46E18B22DE436400E15A0E /* Resources */ = {
			isa = PBXResourcesBuildPhase;
			buildActionMask = 2147483647;
			files = (
				FF46E19D22DE436400E15A0E /* LaunchScreen.storyboard in Resources */,
				FF343C842302336800912646 /* Assets.xcassets in Resources */,
				FF46E19822DE436400E15A0E /* Main.storyboard in Resources */,
			);
			runOnlyForDeploymentPostprocessing = 0;
		};
		FF46E1A322DE436400E15A0E /* Resources */ = {
			isa = PBXResourcesBuildPhase;
			buildActionMask = 2147483647;
			files = (
			);
			runOnlyForDeploymentPostprocessing = 0;
		};
		FF46E1AE22DE436400E15A0E /* Resources */ = {
			isa = PBXResourcesBuildPhase;
			buildActionMask = 2147483647;
			files = (
			);
			runOnlyForDeploymentPostprocessing = 0;
		};
/* End PBXResourcesBuildPhase section */

/* Begin PBXShellScriptBuildPhase section */
		5677C1720220E3D0F100ED00 /* [CP] Check Pods Manifest.lock */ = {
			isa = PBXShellScriptBuildPhase;
			buildActionMask = 2147483647;
			files = (
			);
			inputFileListPaths = (
			);
			inputPaths = (
				"${PODS_PODFILE_DIR_PATH}/Podfile.lock",
				"${PODS_ROOT}/Manifest.lock",
			);
			name = "[CP] Check Pods Manifest.lock";
			outputFileListPaths = (
			);
			outputPaths = (
				"$(DERIVED_FILE_DIR)/Pods-Fresh-Chef-AnalyticsUITests-checkManifestLockResult.txt",
			);
			runOnlyForDeploymentPostprocessing = 0;
			shellPath = /bin/sh;
			shellScript = "diff \"${PODS_PODFILE_DIR_PATH}/Podfile.lock\" \"${PODS_ROOT}/Manifest.lock\" > /dev/null\nif [ $? != 0 ] ; then\n    # print error to STDERR\n    echo \"error: The sandbox is not in sync with the Podfile.lock. Run 'pod install' or update your CocoaPods installation.\" >&2\n    exit 1\nfi\n# This output is used by Xcode 'outputs' to avoid re-running this script phase.\necho \"SUCCESS\" > \"${SCRIPT_OUTPUT_FILE_0}\"\n";
			showEnvVarsInLog = 0;
		};
		80BF0F962AB6B85828EB3CAB /* [CP] Embed Pods Frameworks */ = {
			isa = PBXShellScriptBuildPhase;
			buildActionMask = 2147483647;
			files = (
			);
			inputFileListPaths = (
				"${PODS_ROOT}/Target Support Files/Pods-Fresh-Chef-Analytics/Pods-Fresh-Chef-Analytics-frameworks-${CONFIGURATION}-input-files.xcfilelist",
			);
			name = "[CP] Embed Pods Frameworks";
			outputFileListPaths = (
				"${PODS_ROOT}/Target Support Files/Pods-Fresh-Chef-Analytics/Pods-Fresh-Chef-Analytics-frameworks-${CONFIGURATION}-output-files.xcfilelist",
			);
			runOnlyForDeploymentPostprocessing = 0;
			shellPath = /bin/sh;
			shellScript = "\"${PODS_ROOT}/Target Support Files/Pods-Fresh-Chef-Analytics/Pods-Fresh-Chef-Analytics-frameworks.sh\"\n";
			showEnvVarsInLog = 0;
		};
		C33F6EB6EFF05193AA4E8911 /* [CP] Check Pods Manifest.lock */ = {
			isa = PBXShellScriptBuildPhase;
			buildActionMask = 2147483647;
			files = (
			);
			inputFileListPaths = (
			);
			inputPaths = (
				"${PODS_PODFILE_DIR_PATH}/Podfile.lock",
				"${PODS_ROOT}/Manifest.lock",
			);
			name = "[CP] Check Pods Manifest.lock";
			outputFileListPaths = (
			);
			outputPaths = (
				"$(DERIVED_FILE_DIR)/Pods-Fresh-Chef-Analytics-checkManifestLockResult.txt",
			);
			runOnlyForDeploymentPostprocessing = 0;
			shellPath = /bin/sh;
			shellScript = "diff \"${PODS_PODFILE_DIR_PATH}/Podfile.lock\" \"${PODS_ROOT}/Manifest.lock\" > /dev/null\nif [ $? != 0 ] ; then\n    # print error to STDERR\n    echo \"error: The sandbox is not in sync with the Podfile.lock. Run 'pod install' or update your CocoaPods installation.\" >&2\n    exit 1\nfi\n# This output is used by Xcode 'outputs' to avoid re-running this script phase.\necho \"SUCCESS\" > \"${SCRIPT_OUTPUT_FILE_0}\"\n";
			showEnvVarsInLog = 0;
		};
		EC12F21569B886348B0B37D0 /* [CP] Check Pods Manifest.lock */ = {
			isa = PBXShellScriptBuildPhase;
			buildActionMask = 2147483647;
			files = (
			);
			inputFileListPaths = (
			);
			inputPaths = (
				"${PODS_PODFILE_DIR_PATH}/Podfile.lock",
				"${PODS_ROOT}/Manifest.lock",
			);
			name = "[CP] Check Pods Manifest.lock";
			outputFileListPaths = (
			);
			outputPaths = (
				"$(DERIVED_FILE_DIR)/Pods-Fresh-Chef-AnalyticsTests-checkManifestLockResult.txt",
			);
			runOnlyForDeploymentPostprocessing = 0;
			shellPath = /bin/sh;
			shellScript = "diff \"${PODS_PODFILE_DIR_PATH}/Podfile.lock\" \"${PODS_ROOT}/Manifest.lock\" > /dev/null\nif [ $? != 0 ] ; then\n    # print error to STDERR\n    echo \"error: The sandbox is not in sync with the Podfile.lock. Run 'pod install' or update your CocoaPods installation.\" >&2\n    exit 1\nfi\n# This output is used by Xcode 'outputs' to avoid re-running this script phase.\necho \"SUCCESS\" > \"${SCRIPT_OUTPUT_FILE_0}\"\n";
			showEnvVarsInLog = 0;
		};
/* End PBXShellScriptBuildPhase section */

/* Begin PBXSourcesBuildPhase section */
		FF46E18922DE436400E15A0E /* Sources */ = {
			isa = PBXSourcesBuildPhase;
			buildActionMask = 2147483647;
			files = (
				B6795EA122EB7C6400CCC0F8 /* ManagerOrderTableViewCell.m in Sources */,
				B6C4BFF922E9107400FE5EAC /* OrdersManagerViewController.m in Sources */,
				B6C4BFF022E8FE8500FE5EAC /* DataViewTableViewController.m in Sources */,
				FFAB492822FA1716003E2DA1 /* GifViewController.m in Sources */,
				FF318E8922EAC57C003AF015 /* OpenOrderButton.m in Sources */,
				A5CE07B722F9F5F700944539 /* YelpAPIManager.m in Sources */,
				FF5924FF22E2155D00F66EC6 /* ReceiptTableViewCell.m in Sources */,
				FF50D5A422FD2BC9002C5AAE /* WaiterCell.m in Sources */,
				B6D7B35C22DF95BA002093CB /* ManagerLoginViewController.m in Sources */,
				A535D7BC22DE8FB2002B79CA /* (null) in Sources */,
				A5D3896522F89D5B00B17AEC /* MapViewController.m in Sources */,
				FF03BF3D22DE97AD00719E8C /* ThankYouViewController.m in Sources */,
				FF03BF4C22DE9FFD00719E8C /* MenuListViewController.m in Sources */,
				FF7374CE22F265B900632056 /* EditOrderViewCell.m in Sources */,
				B6848BFF22F105CF0069CC94 /* NSDate+DayMethods.m in Sources */,
				FFEA6BCA22E28E03008665BD /* ComfortableTableViewCell.m in Sources */,
				FFEA6BC622E28DD0008665BD /* ElegantTableViewCell.m in Sources */,
				A535D7B922DE6CE9002B79CA /* Dish.m in Sources */,
				FF03BF6222DF763300719E8C /* MenuListTableViewCell.m in Sources */,
				FFAB492522F9FCE6003E2DA1 /* UIRefs.m in Sources */,
				FF03BF3A22DE975B00719E8C /* ReceiptViewController.m in Sources */,
				FF4CA2F02302166600E5A304 /* Invoice.m in Sources */,
				FF03BF3422DE971600719E8C /* ComfortableFormViewController.m in Sources */,
				FFFC45E122EE097B003E8FF6 /* OrderViewCell.m in Sources */,
				B6D7B35322DE6D27002093CB /* LoginViewController.m in Sources */,
				B6D7B35622DE6D40002093CB /* SignUpViewController.m in Sources */,
				FFC87ACD22EA2650009DE74C /* YelpLinkViewController.m in Sources */,
				FF91766822F51298007AEDB1 /* OpenOrderViewController.m in Sources */,
				A5C06F7E22E9028000F634E3 /* OrderManager.m in Sources */,
				FFF1C49022E03B5300C2AC03 /* FunTableViewCell.m in Sources */,
				A535D7B922DE6CE9002B79CA /* Dish.m in Sources */,
				FF46E1A022DE436400E15A0E /* main.m in Sources */,
				A5C06F7B22E8FEEB00F634E3 /* ClosedOrder.m in Sources */,
				FF1EDA9322E2951A00B1B897 /* Helpful_funs.m in Sources */,
				FF03BF4622DE9FC700719E8C /* EditMenuViewController.m in Sources */,
				FF91766C22F51CFD007AEDB1 /* OrderCell.m in Sources */,
				FFB3224722DF9DF700BF966F /* WaitTableViewCell.m in Sources */,
				A5D3896822F8CBE000B17AEC /* Coordinate.m in Sources */,
				FF03BF3722DE973B00719E8C /* ElegantFormViewController.m in Sources */,
				FF03BF2E22DE963B00719E8C /* WaiterViewController.m in Sources */,
				FF4CA2F3230216C100E5A304 /* Item.m in Sources */,
				FF03BF5622DEA0A000719E8C /* WaitDetailsViewController.m in Sources */,
				A535D7C522DFD4B5002B79CA /* MenuManager.m in Sources */,
				FF03BF5022DEA04900719E8C /* DishDetailsViewController.m in Sources */,
				A5CE07B422F8FFA500944539 /* PhotoAnnotation.m in Sources */,
				FF03BF5922DEA0C700719E8C /* CompetitorDetailsViewController.m in Sources */,
				A5ED3F3D22F3680300C0C031 /* CustomPopUpViewController.m in Sources */,
				FF03BF5C22DEA16600719E8C /* CompetitorListViewController.m in Sources */,
				FFAB493122FA4B8B003E2DA1 /* EmailViewController.m in Sources */,
				A5C06F5622E114E500F634E3 /* WaiterManager.m in Sources */,
				A535D7C822DFD6DB002B79CA /* EditMenuCell.m in Sources */,
				A5C06F5C22E2613100F634E3 /* WaiterListTableViewCell.m in Sources */,
				FF03BF4322DE9FA700719E8C /* ProfileViewController.m in Sources */,
				FF03BF5322DEA07700719E8C /* WaitListViewController.m in Sources */,
				FF46E19222DE436400E15A0E /* AppDelegate.m in Sources */,
				A590E1AC22EFB71300D85B20 /* BarChartViewController.m in Sources */,
				FF91767222F8BA53007AEDB1 /* ClosedOrderViewController.m in Sources */,
				FF03BF3122DE96EC00719E8C /* FunFormViewController.m in Sources */,
				FF4CA2F82302245D00E5A304 /* fakePayViewController.m in Sources */,
				B6BC874D22E6867000264995 /* Top3Bottom3TableViewCell.m in Sources */,
				FF03BF4922DE9FE000719E8C /* EditWaitViewController.m in Sources */,
				FF03BF4022DE97C900719E8C /* AnotherTableViewController.m in Sources */,
				A5C06F6B22E67E8700F634E3 /* HistogramViewController.m in Sources */,
				FFAB493422FA56D3003E2DA1 /* CustomerTrack.m in Sources */,
				FFF1C48D22E02A8200C2AC03 /* specialStepper.m in Sources */,
				A5C06F6522E67E7300F634E3 /* ScatterViewController.m in Sources */,
				A5C06F7822E8FECF00F634E3 /* OpenOrder.m in Sources */,
				FF85DF5122E7BF180056726A /* CompetitorsCell.m in Sources */,
				A5ED3F4022F3D69900C0C031 /* CustomPopUpWaiterViewController.m in Sources */,
				A535D7BF22DE9FBF002B79CA /* Waiter.m in Sources */,
				B6795EA422EBB62700CCC0F8 /* ProfitTrendsViewController.m in Sources */,
				FFFC45E422EE9162003E8FF6 /* OrdersViewController.m in Sources */,
				A5C06F6822E67E7F00F634E3 /* Top3Bot3ViewController.m in Sources */,
				FF7374CB22F257C400632056 /* AddItemViewController.m in Sources */,
				B6C4C00022E91EAD00FE5EAC /* EditOrderViewController.m in Sources */,
				FFC87AD322EA2A91009DE74C /* Link.m in Sources */,
				B6848C0222F108930069CC94 /* FCADate.m in Sources */,
				A5C06F5922E11D3500F634E3 /* EditWaiterCell.m in Sources */,
			);
			runOnlyForDeploymentPostprocessing = 0;
		};
		FF46E1A122DE436400E15A0E /* Sources */ = {
			isa = PBXSourcesBuildPhase;
			buildActionMask = 2147483647;
			files = (
				FF46E1AA22DE436400E15A0E /* Fresh_Chef_AnalyticsTests.m in Sources */,
			);
			runOnlyForDeploymentPostprocessing = 0;
		};
		FF46E1AC22DE436400E15A0E /* Sources */ = {
			isa = PBXSourcesBuildPhase;
			buildActionMask = 2147483647;
			files = (
				FF46E1B522DE436400E15A0E /* Fresh_Chef_AnalyticsUITests.m in Sources */,
			);
			runOnlyForDeploymentPostprocessing = 0;
		};
/* End PBXSourcesBuildPhase section */

/* Begin PBXTargetDependency section */
		FF46E1A722DE436400E15A0E /* PBXTargetDependency */ = {
			isa = PBXTargetDependency;
			target = FF46E18C22DE436400E15A0E /* Fresh-Chef-Analytics */;
			targetProxy = FF46E1A622DE436400E15A0E /* PBXContainerItemProxy */;
		};
		FF46E1B222DE436400E15A0E /* PBXTargetDependency */ = {
			isa = PBXTargetDependency;
			target = FF46E18C22DE436400E15A0E /* Fresh-Chef-Analytics */;
			targetProxy = FF46E1B122DE436400E15A0E /* PBXContainerItemProxy */;
		};
/* End PBXTargetDependency section */

/* Begin PBXVariantGroup section */
		FF46E19622DE436400E15A0E /* Main.storyboard */ = {
			isa = PBXVariantGroup;
			children = (
				FF46E19722DE436400E15A0E /* Base */,
			);
			name = Main.storyboard;
			sourceTree = "<group>";
		};
		FF46E19B22DE436400E15A0E /* LaunchScreen.storyboard */ = {
			isa = PBXVariantGroup;
			children = (
				FF46E19C22DE436400E15A0E /* Base */,
			);
			name = LaunchScreen.storyboard;
			sourceTree = "<group>";
		};
/* End PBXVariantGroup section */

/* Begin XCBuildConfiguration section */
		FF46E1B722DE436400E15A0E /* Debug */ = {
			isa = XCBuildConfiguration;
			buildSettings = {
				ALWAYS_SEARCH_USER_PATHS = NO;
				CLANG_ANALYZER_NONNULL = YES;
				CLANG_ANALYZER_NUMBER_OBJECT_CONVERSION = YES_AGGRESSIVE;
				CLANG_CXX_LANGUAGE_STANDARD = "gnu++14";
				CLANG_CXX_LIBRARY = "libc++";
				CLANG_ENABLE_MODULES = YES;
				CLANG_ENABLE_OBJC_ARC = YES;
				CLANG_ENABLE_OBJC_WEAK = YES;
				CLANG_WARN_BLOCK_CAPTURE_AUTORELEASING = YES;
				CLANG_WARN_BOOL_CONVERSION = YES;
				CLANG_WARN_COMMA = YES;
				CLANG_WARN_CONSTANT_CONVERSION = YES;
				CLANG_WARN_DEPRECATED_OBJC_IMPLEMENTATIONS = YES;
				CLANG_WARN_DIRECT_OBJC_ISA_USAGE = YES_ERROR;
				CLANG_WARN_DOCUMENTATION_COMMENTS = YES;
				CLANG_WARN_EMPTY_BODY = YES;
				CLANG_WARN_ENUM_CONVERSION = YES;
				CLANG_WARN_INFINITE_RECURSION = YES;
				CLANG_WARN_INT_CONVERSION = YES;
				CLANG_WARN_NON_LITERAL_NULL_CONVERSION = YES;
				CLANG_WARN_OBJC_IMPLICIT_RETAIN_SELF = YES;
				CLANG_WARN_OBJC_LITERAL_CONVERSION = YES;
				CLANG_WARN_OBJC_ROOT_CLASS = YES_ERROR;
				CLANG_WARN_RANGE_LOOP_ANALYSIS = YES;
				CLANG_WARN_STRICT_PROTOTYPES = YES;
				CLANG_WARN_SUSPICIOUS_MOVE = YES;
				CLANG_WARN_UNGUARDED_AVAILABILITY = YES_AGGRESSIVE;
				CLANG_WARN_UNREACHABLE_CODE = YES;
				CLANG_WARN__DUPLICATE_METHOD_MATCH = YES;
				CODE_SIGN_IDENTITY = "iPhone Developer";
				COPY_PHASE_STRIP = NO;
				DEBUG_INFORMATION_FORMAT = dwarf;
				ENABLE_STRICT_OBJC_MSGSEND = YES;
				ENABLE_TESTABILITY = YES;
				GCC_C_LANGUAGE_STANDARD = gnu11;
				GCC_DYNAMIC_NO_PIC = NO;
				GCC_NO_COMMON_BLOCKS = YES;
				GCC_OPTIMIZATION_LEVEL = 0;
				GCC_PREPROCESSOR_DEFINITIONS = (
					"DEBUG=1",
					"$(inherited)",
				);
				GCC_WARN_64_TO_32_BIT_CONVERSION = YES;
				GCC_WARN_ABOUT_RETURN_TYPE = YES_ERROR;
				GCC_WARN_UNDECLARED_SELECTOR = YES;
				GCC_WARN_UNINITIALIZED_AUTOS = YES_AGGRESSIVE;
				GCC_WARN_UNUSED_FUNCTION = YES;
				GCC_WARN_UNUSED_VARIABLE = YES;
				IPHONEOS_DEPLOYMENT_TARGET = 12.1;
				MTL_ENABLE_DEBUG_INFO = INCLUDE_SOURCE;
				MTL_FAST_MATH = YES;
				ONLY_ACTIVE_ARCH = YES;
				SDKROOT = iphoneos;
			};
			name = Debug;
		};
		FF46E1B822DE436400E15A0E /* Release */ = {
			isa = XCBuildConfiguration;
			buildSettings = {
				ALWAYS_SEARCH_USER_PATHS = NO;
				CLANG_ANALYZER_NONNULL = YES;
				CLANG_ANALYZER_NUMBER_OBJECT_CONVERSION = YES_AGGRESSIVE;
				CLANG_CXX_LANGUAGE_STANDARD = "gnu++14";
				CLANG_CXX_LIBRARY = "libc++";
				CLANG_ENABLE_MODULES = YES;
				CLANG_ENABLE_OBJC_ARC = YES;
				CLANG_ENABLE_OBJC_WEAK = YES;
				CLANG_WARN_BLOCK_CAPTURE_AUTORELEASING = YES;
				CLANG_WARN_BOOL_CONVERSION = YES;
				CLANG_WARN_COMMA = YES;
				CLANG_WARN_CONSTANT_CONVERSION = YES;
				CLANG_WARN_DEPRECATED_OBJC_IMPLEMENTATIONS = YES;
				CLANG_WARN_DIRECT_OBJC_ISA_USAGE = YES_ERROR;
				CLANG_WARN_DOCUMENTATION_COMMENTS = YES;
				CLANG_WARN_EMPTY_BODY = YES;
				CLANG_WARN_ENUM_CONVERSION = YES;
				CLANG_WARN_INFINITE_RECURSION = YES;
				CLANG_WARN_INT_CONVERSION = YES;
				CLANG_WARN_NON_LITERAL_NULL_CONVERSION = YES;
				CLANG_WARN_OBJC_IMPLICIT_RETAIN_SELF = YES;
				CLANG_WARN_OBJC_LITERAL_CONVERSION = YES;
				CLANG_WARN_OBJC_ROOT_CLASS = YES_ERROR;
				CLANG_WARN_RANGE_LOOP_ANALYSIS = YES;
				CLANG_WARN_STRICT_PROTOTYPES = YES;
				CLANG_WARN_SUSPICIOUS_MOVE = YES;
				CLANG_WARN_UNGUARDED_AVAILABILITY = YES_AGGRESSIVE;
				CLANG_WARN_UNREACHABLE_CODE = YES;
				CLANG_WARN__DUPLICATE_METHOD_MATCH = YES;
				CODE_SIGN_IDENTITY = "iPhone Developer";
				COPY_PHASE_STRIP = NO;
				DEBUG_INFORMATION_FORMAT = "dwarf-with-dsym";
				ENABLE_NS_ASSERTIONS = NO;
				ENABLE_STRICT_OBJC_MSGSEND = YES;
				GCC_C_LANGUAGE_STANDARD = gnu11;
				GCC_NO_COMMON_BLOCKS = YES;
				GCC_WARN_64_TO_32_BIT_CONVERSION = YES;
				GCC_WARN_ABOUT_RETURN_TYPE = YES_ERROR;
				GCC_WARN_UNDECLARED_SELECTOR = YES;
				GCC_WARN_UNINITIALIZED_AUTOS = YES_AGGRESSIVE;
				GCC_WARN_UNUSED_FUNCTION = YES;
				GCC_WARN_UNUSED_VARIABLE = YES;
				IPHONEOS_DEPLOYMENT_TARGET = 12.1;
				MTL_ENABLE_DEBUG_INFO = NO;
				MTL_FAST_MATH = YES;
				SDKROOT = iphoneos;
				VALIDATE_PRODUCT = YES;
			};
			name = Release;
		};
		FF46E1BA22DE436400E15A0E /* Debug */ = {
			isa = XCBuildConfiguration;
			baseConfigurationReference = E0C930C3020050C5A39A8F92 /* Pods-Fresh-Chef-Analytics.debug.xcconfig */;
			buildSettings = {
				ASSETCATALOG_COMPILER_APPICON_NAME = AppIcon;
				CLANG_ENABLE_MODULES = YES;
				CODE_SIGN_STYLE = Automatic;
				DEVELOPMENT_TEAM = X7H39TKG3W;
				INFOPLIST_FILE = "Fresh-Chef-Analytics/Info.plist";
				LD_RUNPATH_SEARCH_PATHS = (
					"$(inherited)",
					"@executable_path/Frameworks",
				);
				PRODUCT_BUNDLE_IDENTIFIER = "com.jpearl.Fresh-Chef-Analytics1";
				PRODUCT_NAME = "$(TARGET_NAME)";
				SWIFT_OBJC_BRIDGING_HEADER = "Fresh-Chef-Analytics/Models/Fresh-Chef-Analytics-Bridging-Header.h";
				SWIFT_OPTIMIZATION_LEVEL = "-Onone";
				SWIFT_VERSION = 5.0;
				TARGETED_DEVICE_FAMILY = "1,2";
			};
			name = Debug;
		};
		FF46E1BB22DE436400E15A0E /* Release */ = {
			isa = XCBuildConfiguration;
			baseConfigurationReference = 444D934F6C5257E53419EC99 /* Pods-Fresh-Chef-Analytics.release.xcconfig */;
			buildSettings = {
				ASSETCATALOG_COMPILER_APPICON_NAME = AppIcon;
				CLANG_ENABLE_MODULES = YES;
				CODE_SIGN_STYLE = Automatic;
				DEVELOPMENT_TEAM = X7H39TKG3W;
				INFOPLIST_FILE = "Fresh-Chef-Analytics/Info.plist";
				LD_RUNPATH_SEARCH_PATHS = (
					"$(inherited)",
					"@executable_path/Frameworks",
				);
				PRODUCT_BUNDLE_IDENTIFIER = "com.jpearl.Fresh-Chef-Analytics1";
				PRODUCT_NAME = "$(TARGET_NAME)";
				SWIFT_OBJC_BRIDGING_HEADER = "Fresh-Chef-Analytics/Models/Fresh-Chef-Analytics-Bridging-Header.h";
				SWIFT_VERSION = 5.0;
				TARGETED_DEVICE_FAMILY = "1,2";
			};
			name = Release;
		};
		FF46E1BD22DE436400E15A0E /* Debug */ = {
			isa = XCBuildConfiguration;
			baseConfigurationReference = 137E87BA3F889A52F963C1BB /* Pods-Fresh-Chef-AnalyticsTests.debug.xcconfig */;
			buildSettings = {
				BUNDLE_LOADER = "$(TEST_HOST)";
				CODE_SIGN_STYLE = Automatic;
				INFOPLIST_FILE = "Fresh-Chef-AnalyticsTests/Info.plist";
				LD_RUNPATH_SEARCH_PATHS = (
					"$(inherited)",
					"@executable_path/Frameworks",
					"@loader_path/Frameworks",
				);
				PRODUCT_BUNDLE_IDENTIFIER = "com.jpearl.Fresh-Chef-AnalyticsTests";
				PRODUCT_NAME = "$(TARGET_NAME)";
				TARGETED_DEVICE_FAMILY = "1,2";
				TEST_HOST = "$(BUILT_PRODUCTS_DIR)/Fresh-Chef-Analytics.app/Fresh-Chef-Analytics";
			};
			name = Debug;
		};
		FF46E1BE22DE436400E15A0E /* Release */ = {
			isa = XCBuildConfiguration;
			baseConfigurationReference = 8FD3E4AFDEEFA0300D55D72D /* Pods-Fresh-Chef-AnalyticsTests.release.xcconfig */;
			buildSettings = {
				BUNDLE_LOADER = "$(TEST_HOST)";
				CODE_SIGN_STYLE = Automatic;
				INFOPLIST_FILE = "Fresh-Chef-AnalyticsTests/Info.plist";
				LD_RUNPATH_SEARCH_PATHS = (
					"$(inherited)",
					"@executable_path/Frameworks",
					"@loader_path/Frameworks",
				);
				PRODUCT_BUNDLE_IDENTIFIER = "com.jpearl.Fresh-Chef-AnalyticsTests";
				PRODUCT_NAME = "$(TARGET_NAME)";
				TARGETED_DEVICE_FAMILY = "1,2";
				TEST_HOST = "$(BUILT_PRODUCTS_DIR)/Fresh-Chef-Analytics.app/Fresh-Chef-Analytics";
			};
			name = Release;
		};
		FF46E1C022DE436400E15A0E /* Debug */ = {
			isa = XCBuildConfiguration;
			baseConfigurationReference = EB80B1150EADC91FB15DCF37 /* Pods-Fresh-Chef-AnalyticsUITests.debug.xcconfig */;
			buildSettings = {
				CODE_SIGN_STYLE = Automatic;
				INFOPLIST_FILE = "Fresh-Chef-AnalyticsUITests/Info.plist";
				LD_RUNPATH_SEARCH_PATHS = (
					"$(inherited)",
					"@executable_path/Frameworks",
					"@loader_path/Frameworks",
				);
				PRODUCT_BUNDLE_IDENTIFIER = "com.jpearl.Fresh-Chef-AnalyticsUITests";
				PRODUCT_NAME = "$(TARGET_NAME)";
				TARGETED_DEVICE_FAMILY = "1,2";
				TEST_TARGET_NAME = "Fresh-Chef-Analytics";
			};
			name = Debug;
		};
		FF46E1C122DE436400E15A0E /* Release */ = {
			isa = XCBuildConfiguration;
			baseConfigurationReference = F3C29AA8318918BF176BC866 /* Pods-Fresh-Chef-AnalyticsUITests.release.xcconfig */;
			buildSettings = {
				CODE_SIGN_STYLE = Automatic;
				INFOPLIST_FILE = "Fresh-Chef-AnalyticsUITests/Info.plist";
				LD_RUNPATH_SEARCH_PATHS = (
					"$(inherited)",
					"@executable_path/Frameworks",
					"@loader_path/Frameworks",
				);
				PRODUCT_BUNDLE_IDENTIFIER = "com.jpearl.Fresh-Chef-AnalyticsUITests";
				PRODUCT_NAME = "$(TARGET_NAME)";
				TARGETED_DEVICE_FAMILY = "1,2";
				TEST_TARGET_NAME = "Fresh-Chef-Analytics";
			};
			name = Release;
		};
/* End XCBuildConfiguration section */

/* Begin XCConfigurationList section */
		FF46E18822DE436400E15A0E /* Build configuration list for PBXProject "Fresh-Chef-Analytics" */ = {
			isa = XCConfigurationList;
			buildConfigurations = (
				FF46E1B722DE436400E15A0E /* Debug */,
				FF46E1B822DE436400E15A0E /* Release */,
			);
			defaultConfigurationIsVisible = 0;
			defaultConfigurationName = Release;
		};
		FF46E1B922DE436400E15A0E /* Build configuration list for PBXNativeTarget "Fresh-Chef-Analytics" */ = {
			isa = XCConfigurationList;
			buildConfigurations = (
				FF46E1BA22DE436400E15A0E /* Debug */,
				FF46E1BB22DE436400E15A0E /* Release */,
			);
			defaultConfigurationIsVisible = 0;
			defaultConfigurationName = Release;
		};
		FF46E1BC22DE436400E15A0E /* Build configuration list for PBXNativeTarget "Fresh-Chef-AnalyticsTests" */ = {
			isa = XCConfigurationList;
			buildConfigurations = (
				FF46E1BD22DE436400E15A0E /* Debug */,
				FF46E1BE22DE436400E15A0E /* Release */,
			);
			defaultConfigurationIsVisible = 0;
			defaultConfigurationName = Release;
		};
		FF46E1BF22DE436400E15A0E /* Build configuration list for PBXNativeTarget "Fresh-Chef-AnalyticsUITests" */ = {
			isa = XCConfigurationList;
			buildConfigurations = (
				FF46E1C022DE436400E15A0E /* Debug */,
				FF46E1C122DE436400E15A0E /* Release */,
			);
			defaultConfigurationIsVisible = 0;
			defaultConfigurationName = Release;
		};
/* End XCConfigurationList section */
	};
	rootObject = FF46E18522DE436400E15A0E /* Project object */;
}
