// !$*UTF8*$!
{
	archiveVersion = 1;
	classes = {
	};
	objectVersion = 51;
	objects = {

/* Begin PBXBuildFile section */
		04AFA30B5ED81F3A4751557F /* Pods_Fresh_Chef_AnalyticsUITests.framework in Frameworks */ = {isa = PBXBuildFile; fileRef = 42A241F1C3DD4F89E8FCF59F /* Pods_Fresh_Chef_AnalyticsUITests.framework */; };
		3E28F5D2BA1F9BD1703EEE6F /* Pods_Fresh_Chef_Analytics.framework in Frameworks */ = {isa = PBXBuildFile; fileRef = FDB55402FC2976479D728C9F /* Pods_Fresh_Chef_Analytics.framework */; };
		610645E0378F7831106AAEF4 /* Pods_Fresh_Chef_AnalyticsTests.framework in Frameworks */ = {isa = PBXBuildFile; fileRef = F807EA952E6B093FACEDA469 /* Pods_Fresh_Chef_AnalyticsTests.framework */; };
		B6D7B35322DE6D27002093CB /* LoginViewController.m in Sources */ = {isa = PBXBuildFile; fileRef = B6D7B35222DE6D27002093CB /* LoginViewController.m */; };
		B6D7B35622DE6D40002093CB /* SignUpViewController.m in Sources */ = {isa = PBXBuildFile; fileRef = B6D7B35522DE6D40002093CB /* SignUpViewController.m */; };
		A535D7B922DE6CE9002B79CA /* Dish.m in Sources */ = {isa = PBXBuildFile; fileRef = A535D7B822DE6CE9002B79CA /* Dish.m */; };
		A535D7BC22DE8FB2002B79CA /* Restaurant.m in Sources */ = {isa = PBXBuildFile; fileRef = A535D7BB22DE8FB2002B79CA /* Restaurant.m */; };
		FF46E19222DE436400E15A0E /* AppDelegate.m in Sources */ = {isa = PBXBuildFile; fileRef = FF46E19122DE436400E15A0E /* AppDelegate.m */; };
		FF46E19822DE436400E15A0E /* Main.storyboard in Resources */ = {isa = PBXBuildFile; fileRef = FF46E19622DE436400E15A0E /* Main.storyboard */; };
		FF46E19A22DE436400E15A0E /* Assets.xcassets in Resources */ = {isa = PBXBuildFile; fileRef = FF46E19922DE436400E15A0E /* Assets.xcassets */; };
		FF46E19D22DE436400E15A0E /* LaunchScreen.storyboard in Resources */ = {isa = PBXBuildFile; fileRef = FF46E19B22DE436400E15A0E /* LaunchScreen.storyboard */; };
		FF46E1A022DE436400E15A0E /* main.m in Sources */ = {isa = PBXBuildFile; fileRef = FF46E19F22DE436400E15A0E /* main.m */; };
		FF46E1AA22DE436400E15A0E /* Fresh_Chef_AnalyticsTests.m in Sources */ = {isa = PBXBuildFile; fileRef = FF46E1A922DE436400E15A0E /* Fresh_Chef_AnalyticsTests.m */; };
		FF46E1B522DE436400E15A0E /* Fresh_Chef_AnalyticsUITests.m in Sources */ = {isa = PBXBuildFile; fileRef = FF46E1B422DE436400E15A0E /* Fresh_Chef_AnalyticsUITests.m */; };
/* End PBXBuildFile section */

/* Begin PBXContainerItemProxy section */
		FF46E1A622DE436400E15A0E /* PBXContainerItemProxy */ = {
			isa = PBXContainerItemProxy;
			containerPortal = FF46E18522DE436400E15A0E /* Project object */;
			proxyType = 1;
			remoteGlobalIDString = FF46E18C22DE436400E15A0E;
			remoteInfo = "Fresh-Chef-Analytics";
		};
		FF46E1B122DE436400E15A0E /* PBXContainerItemProxy */ = {
			isa = PBXContainerItemProxy;
			containerPortal = FF46E18522DE436400E15A0E /* Project object */;
			proxyType = 1;
			remoteGlobalIDString = FF46E18C22DE436400E15A0E;
			remoteInfo = "Fresh-Chef-Analytics";
		};
/* End PBXContainerItemProxy section */

/* Begin PBXFileReference section */
		137E87BA3F889A52F963C1BB /* Pods-Fresh-Chef-AnalyticsTests.debug.xcconfig */ = {isa = PBXFileReference; includeInIndex = 1; lastKnownFileType = text.xcconfig; name = "Pods-Fresh-Chef-AnalyticsTests.debug.xcconfig"; path = "Target Support Files/Pods-Fresh-Chef-AnalyticsTests/Pods-Fresh-Chef-AnalyticsTests.debug.xcconfig"; sourceTree = "<group>"; };
		42A241F1C3DD4F89E8FCF59F /* Pods_Fresh_Chef_AnalyticsUITests.framework */ = {isa = PBXFileReference; explicitFileType = wrapper.framework; includeInIndex = 0; path = Pods_Fresh_Chef_AnalyticsUITests.framework; sourceTree = BUILT_PRODUCTS_DIR; };
		444D934F6C5257E53419EC99 /* Pods-Fresh-Chef-Analytics.release.xcconfig */ = {isa = PBXFileReference; includeInIndex = 1; lastKnownFileType = text.xcconfig; name = "Pods-Fresh-Chef-Analytics.release.xcconfig"; path = "Target Support Files/Pods-Fresh-Chef-Analytics/Pods-Fresh-Chef-Analytics.release.xcconfig"; sourceTree = "<group>"; };
		8FD3E4AFDEEFA0300D55D72D /* Pods-Fresh-Chef-AnalyticsTests.release.xcconfig */ = {isa = PBXFileReference; includeInIndex = 1; lastKnownFileType = text.xcconfig; name = "Pods-Fresh-Chef-AnalyticsTests.release.xcconfig"; path = "Target Support Files/Pods-Fresh-Chef-AnalyticsTests/Pods-Fresh-Chef-AnalyticsTests.release.xcconfig"; sourceTree = "<group>"; };
		B6D7B35122DE6D27002093CB /* LoginViewController.h */ = {isa = PBXFileReference; lastKnownFileType = sourcecode.c.h; path = LoginViewController.h; sourceTree = "<group>"; };
		B6D7B35222DE6D27002093CB /* LoginViewController.m */ = {isa = PBXFileReference; lastKnownFileType = sourcecode.c.objc; path = LoginViewController.m; sourceTree = "<group>"; };
		B6D7B35422DE6D3F002093CB /* SignUpViewController.h */ = {isa = PBXFileReference; lastKnownFileType = sourcecode.c.h; path = SignUpViewController.h; sourceTree = "<group>"; };
		B6D7B35522DE6D40002093CB /* SignUpViewController.m */ = {isa = PBXFileReference; lastKnownFileType = sourcecode.c.objc; path = SignUpViewController.m; sourceTree = "<group>"; };
		A535D7B722DE6CE9002B79CA /* Dish.h */ = {isa = PBXFileReference; lastKnownFileType = sourcecode.c.h; path = Dish.h; sourceTree = "<group>"; };
		A535D7B822DE6CE9002B79CA /* Dish.m */ = {isa = PBXFileReference; lastKnownFileType = sourcecode.c.objc; path = Dish.m; sourceTree = "<group>"; };
		A535D7BA22DE8FB2002B79CA /* Restaurant.h */ = {isa = PBXFileReference; lastKnownFileType = sourcecode.c.h; path = Restaurant.h; sourceTree = "<group>"; };
		A535D7BB22DE8FB2002B79CA /* Restaurant.m */ = {isa = PBXFileReference; lastKnownFileType = sourcecode.c.objc; path = Restaurant.m; sourceTree = "<group>"; };
		E0C930C3020050C5A39A8F92 /* Pods-Fresh-Chef-Analytics.debug.xcconfig */ = {isa = PBXFileReference; includeInIndex = 1; lastKnownFileType = text.xcconfig; name = "Pods-Fresh-Chef-Analytics.debug.xcconfig"; path = "Target Support Files/Pods-Fresh-Chef-Analytics/Pods-Fresh-Chef-Analytics.debug.xcconfig"; sourceTree = "<group>"; };
		EB80B1150EADC91FB15DCF37 /* Pods-Fresh-Chef-AnalyticsUITests.debug.xcconfig */ = {isa = PBXFileReference; includeInIndex = 1; lastKnownFileType = text.xcconfig; name = "Pods-Fresh-Chef-AnalyticsUITests.debug.xcconfig"; path = "Target Support Files/Pods-Fresh-Chef-AnalyticsUITests/Pods-Fresh-Chef-AnalyticsUITests.debug.xcconfig"; sourceTree = "<group>"; };
		F3C29AA8318918BF176BC866 /* Pods-Fresh-Chef-AnalyticsUITests.release.xcconfig */ = {isa = PBXFileReference; includeInIndex = 1; lastKnownFileType = text.xcconfig; name = "Pods-Fresh-Chef-AnalyticsUITests.release.xcconfig"; path = "Target Support Files/Pods-Fresh-Chef-AnalyticsUITests/Pods-Fresh-Chef-AnalyticsUITests.release.xcconfig"; sourceTree = "<group>"; };
		F807EA952E6B093FACEDA469 /* Pods_Fresh_Chef_AnalyticsTests.framework */ = {isa = PBXFileReference; explicitFileType = wrapper.framework; includeInIndex = 0; path = Pods_Fresh_Chef_AnalyticsTests.framework; sourceTree = BUILT_PRODUCTS_DIR; };
		FDB55402FC2976479D728C9F /* Pods_Fresh_Chef_Analytics.framework */ = {isa = PBXFileReference; explicitFileType = wrapper.framework; includeInIndex = 0; path = Pods_Fresh_Chef_Analytics.framework; sourceTree = BUILT_PRODUCTS_DIR; };
		FF46E18D22DE436400E15A0E /* Fresh-Chef-Analytics.app */ = {isa = PBXFileReference; explicitFileType = wrapper.application; includeInIndex = 0; path = "Fresh-Chef-Analytics.app"; sourceTree = BUILT_PRODUCTS_DIR; };
		FF46E19022DE436400E15A0E /* AppDelegate.h */ = {isa = PBXFileReference; lastKnownFileType = sourcecode.c.h; path = AppDelegate.h; sourceTree = "<group>"; };
		FF46E19122DE436400E15A0E /* AppDelegate.m */ = {isa = PBXFileReference; lastKnownFileType = sourcecode.c.objc; path = AppDelegate.m; sourceTree = "<group>"; };
		FF46E19722DE436400E15A0E /* Base */ = {isa = PBXFileReference; lastKnownFileType = file.storyboard; name = Base; path = Base.lproj/Main.storyboard; sourceTree = "<group>"; };
		FF46E19922DE436400E15A0E /* Assets.xcassets */ = {isa = PBXFileReference; lastKnownFileType = folder.assetcatalog; path = Assets.xcassets; sourceTree = "<group>"; };
		FF46E19C22DE436400E15A0E /* Base */ = {isa = PBXFileReference; lastKnownFileType = file.storyboard; name = Base; path = Base.lproj/LaunchScreen.storyboard; sourceTree = "<group>"; };
		FF46E19E22DE436400E15A0E /* Info.plist */ = {isa = PBXFileReference; lastKnownFileType = text.plist.xml; path = Info.plist; sourceTree = "<group>"; };
		FF46E19F22DE436400E15A0E /* main.m */ = {isa = PBXFileReference; lastKnownFileType = sourcecode.c.objc; path = main.m; sourceTree = "<group>"; };
		FF46E1A522DE436400E15A0E /* Fresh-Chef-AnalyticsTests.xctest */ = {isa = PBXFileReference; explicitFileType = wrapper.cfbundle; includeInIndex = 0; path = "Fresh-Chef-AnalyticsTests.xctest"; sourceTree = BUILT_PRODUCTS_DIR; };
		FF46E1A922DE436400E15A0E /* Fresh_Chef_AnalyticsTests.m */ = {isa = PBXFileReference; lastKnownFileType = sourcecode.c.objc; path = Fresh_Chef_AnalyticsTests.m; sourceTree = "<group>"; };
		FF46E1AB22DE436400E15A0E /* Info.plist */ = {isa = PBXFileReference; lastKnownFileType = text.plist.xml; path = Info.plist; sourceTree = "<group>"; };
		FF46E1B022DE436400E15A0E /* Fresh-Chef-AnalyticsUITests.xctest */ = {isa = PBXFileReference; explicitFileType = wrapper.cfbundle; includeInIndex = 0; path = "Fresh-Chef-AnalyticsUITests.xctest"; sourceTree = BUILT_PRODUCTS_DIR; };
		FF46E1B422DE436400E15A0E /* Fresh_Chef_AnalyticsUITests.m */ = {isa = PBXFileReference; lastKnownFileType = sourcecode.c.objc; path = Fresh_Chef_AnalyticsUITests.m; sourceTree = "<group>"; };
		FF46E1B622DE436400E15A0E /* Info.plist */ = {isa = PBXFileReference; lastKnownFileType = text.plist.xml; path = Info.plist; sourceTree = "<group>"; };
/* End PBXFileReference section */

/* Begin PBXFrameworksBuildPhase section */
		FF46E18A22DE436400E15A0E /* Frameworks */ = {
			isa = PBXFrameworksBuildPhase;
			buildActionMask = 2147483647;
			files = (
				3E28F5D2BA1F9BD1703EEE6F /* Pods_Fresh_Chef_Analytics.framework in Frameworks */,
			);
			runOnlyForDeploymentPostprocessing = 0;
		};
		FF46E1A222DE436400E15A0E /* Frameworks */ = {
			isa = PBXFrameworksBuildPhase;
			buildActionMask = 2147483647;
			files = (
				610645E0378F7831106AAEF4 /* Pods_Fresh_Chef_AnalyticsTests.framework in Frameworks */,
			);
			runOnlyForDeploymentPostprocessing = 0;
		};
		FF46E1AD22DE436400E15A0E /* Frameworks */ = {
			isa = PBXFrameworksBuildPhase;
			buildActionMask = 2147483647;
			files = (
				04AFA30B5ED81F3A4751557F /* Pods_Fresh_Chef_AnalyticsUITests.framework in Frameworks */,
			);
			runOnlyForDeploymentPostprocessing = 0;
		};
/* End PBXFrameworksBuildPhase section */

/* Begin PBXGroup section */
		08231CD541BC145944FD159E /* Frameworks */ = {
			isa = PBXGroup;
			children = (
				FDB55402FC2976479D728C9F /* Pods_Fresh_Chef_Analytics.framework */,
				F807EA952E6B093FACEDA469 /* Pods_Fresh_Chef_AnalyticsTests.framework */,
				42A241F1C3DD4F89E8FCF59F /* Pods_Fresh_Chef_AnalyticsUITests.framework */,
			);
			name = Frameworks;
			sourceTree = "<group>";
		};
		A535D7B422DE6B8C002B79CA /* Models */ = {
			isa = PBXGroup;
			children = (
				A535D7B722DE6CE9002B79CA /* Dish.h */,
				A535D7B822DE6CE9002B79CA /* Dish.m */,
				A535D7BA22DE8FB2002B79CA /* Restaurant.h */,
				A535D7BB22DE8FB2002B79CA /* Restaurant.m */,
			);
			path = Models;
			sourceTree = "<group>";
		};
		A535D7B522DE6B92002B79CA /* Views */ = {
			isa = PBXGroup;
			children = (
			);
			path = Views;
			sourceTree = "<group>";
		};
		A535D7B622DE6B95002B79CA /* View Controller */ = {
			isa = PBXGroup;
			children = (
				B6D7B35122DE6D27002093CB /* LoginViewController.h */,
				B6D7B35222DE6D27002093CB /* LoginViewController.m */,
				B6D7B35422DE6D3F002093CB /* SignUpViewController.h */,
				B6D7B35522DE6D40002093CB /* SignUpViewController.m */,
			);
			path = "View Controller";
			sourceTree = "<group>";
		};
		B2353C68BCB0DF7918364525 /* Pods */ = {
			isa = PBXGroup;
			children = (
				E0C930C3020050C5A39A8F92 /* Pods-Fresh-Chef-Analytics.debug.xcconfig */,
				444D934F6C5257E53419EC99 /* Pods-Fresh-Chef-Analytics.release.xcconfig */,
				137E87BA3F889A52F963C1BB /* Pods-Fresh-Chef-AnalyticsTests.debug.xcconfig */,
				8FD3E4AFDEEFA0300D55D72D /* Pods-Fresh-Chef-AnalyticsTests.release.xcconfig */,
				EB80B1150EADC91FB15DCF37 /* Pods-Fresh-Chef-AnalyticsUITests.debug.xcconfig */,
				F3C29AA8318918BF176BC866 /* Pods-Fresh-Chef-AnalyticsUITests.release.xcconfig */,
			);
			path = Pods;
			sourceTree = "<group>";
		};
		FF46E18422DE436400E15A0E = {
			isa = PBXGroup;
			children = (
				FF46E18F22DE436400E15A0E /* Fresh-Chef-Analytics */,
				FF46E1A822DE436400E15A0E /* Fresh-Chef-AnalyticsTests */,
				FF46E1B322DE436400E15A0E /* Fresh-Chef-AnalyticsUITests */,
				FF46E18E22DE436400E15A0E /* Products */,
				B2353C68BCB0DF7918364525 /* Pods */,
				08231CD541BC145944FD159E /* Frameworks */,
			);
			sourceTree = "<group>";
		};
		FF46E18E22DE436400E15A0E /* Products */ = {
			isa = PBXGroup;
			children = (
				FF46E18D22DE436400E15A0E /* Fresh-Chef-Analytics.app */,
				FF46E1A522DE436400E15A0E /* Fresh-Chef-AnalyticsTests.xctest */,
				FF46E1B022DE436400E15A0E /* Fresh-Chef-AnalyticsUITests.xctest */,
			);
			name = Products;
			sourceTree = "<group>";
		};
		FF46E18F22DE436400E15A0E /* Fresh-Chef-Analytics */ = {
			isa = PBXGroup;
			children = (
				A535D7B622DE6B95002B79CA /* View Controller */,
				A535D7B522DE6B92002B79CA /* Views */,
				A535D7B422DE6B8C002B79CA /* Models */,
				FF46E19022DE436400E15A0E /* AppDelegate.h */,
				FF46E19122DE436400E15A0E /* AppDelegate.m */,
				FF46E19622DE436400E15A0E /* Main.storyboard */,
				FF46E19922DE436400E15A0E /* Assets.xcassets */,
				FF46E19B22DE436400E15A0E /* LaunchScreen.storyboard */,
				FF46E19E22DE436400E15A0E /* Info.plist */,
				FF46E19F22DE436400E15A0E /* main.m */,
			);
			path = "Fresh-Chef-Analytics";
			sourceTree = "<group>";
		};
		FF46E1A822DE436400E15A0E /* Fresh-Chef-AnalyticsTests */ = {
			isa = PBXGroup;
			children = (
				FF46E1A922DE436400E15A0E /* Fresh_Chef_AnalyticsTests.m */,
				FF46E1AB22DE436400E15A0E /* Info.plist */,
			);
			path = "Fresh-Chef-AnalyticsTests";
			sourceTree = "<group>";
		};
		FF46E1B322DE436400E15A0E /* Fresh-Chef-AnalyticsUITests */ = {
			isa = PBXGroup;
			children = (
				FF46E1B422DE436400E15A0E /* Fresh_Chef_AnalyticsUITests.m */,
				FF46E1B622DE436400E15A0E /* Info.plist */,
			);
			path = "Fresh-Chef-AnalyticsUITests";
			sourceTree = "<group>";
		};
/* End PBXGroup section */

/* Begin PBXNativeTarget section */
		FF46E18C22DE436400E15A0E /* Fresh-Chef-Analytics */ = {
			isa = PBXNativeTarget;
			buildConfigurationList = FF46E1B922DE436400E15A0E /* Build configuration list for PBXNativeTarget "Fresh-Chef-Analytics" */;
			buildPhases = (
				C33F6EB6EFF05193AA4E8911 /* [CP] Check Pods Manifest.lock */,
				FF46E18922DE436400E15A0E /* Sources */,
				FF46E18A22DE436400E15A0E /* Frameworks */,
				FF46E18B22DE436400E15A0E /* Resources */,
				53D8944CC6AA674F8362C6B8 /* [CP] Embed Pods Frameworks */,
			);
			buildRules = (
			);
			dependencies = (
			);
			name = "Fresh-Chef-Analytics";
			productName = "Fresh-Chef-Analytics";
			productReference = FF46E18D22DE436400E15A0E /* Fresh-Chef-Analytics.app */;
			productType = "com.apple.product-type.application";
		};
		FF46E1A422DE436400E15A0E /* Fresh-Chef-AnalyticsTests */ = {
			isa = PBXNativeTarget;
			buildConfigurationList = FF46E1BC22DE436400E15A0E /* Build configuration list for PBXNativeTarget "Fresh-Chef-AnalyticsTests" */;
			buildPhases = (
				EC12F21569B886348B0B37D0 /* [CP] Check Pods Manifest.lock */,
				FF46E1A122DE436400E15A0E /* Sources */,
				FF46E1A222DE436400E15A0E /* Frameworks */,
				FF46E1A322DE436400E15A0E /* Resources */,
			);
			buildRules = (
			);
			dependencies = (
				FF46E1A722DE436400E15A0E /* PBXTargetDependency */,
			);
			name = "Fresh-Chef-AnalyticsTests";
			productName = "Fresh-Chef-AnalyticsTests";
			productReference = FF46E1A522DE436400E15A0E /* Fresh-Chef-AnalyticsTests.xctest */;
			productType = "com.apple.product-type.bundle.unit-test";
		};
		FF46E1AF22DE436400E15A0E /* Fresh-Chef-AnalyticsUITests */ = {
			isa = PBXNativeTarget;
			buildConfigurationList = FF46E1BF22DE436400E15A0E /* Build configuration list for PBXNativeTarget "Fresh-Chef-AnalyticsUITests" */;
			buildPhases = (
				5677C1720220E3D0F100ED00 /* [CP] Check Pods Manifest.lock */,
				FF46E1AC22DE436400E15A0E /* Sources */,
				FF46E1AD22DE436400E15A0E /* Frameworks */,
				FF46E1AE22DE436400E15A0E /* Resources */,
			);
			buildRules = (
			);
			dependencies = (
				FF46E1B222DE436400E15A0E /* PBXTargetDependency */,
			);
			name = "Fresh-Chef-AnalyticsUITests";
			productName = "Fresh-Chef-AnalyticsUITests";
			productReference = FF46E1B022DE436400E15A0E /* Fresh-Chef-AnalyticsUITests.xctest */;
			productType = "com.apple.product-type.bundle.ui-testing";
		};
/* End PBXNativeTarget section */

/* Begin PBXProject section */
		FF46E18522DE436400E15A0E /* Project object */ = {
			isa = PBXProject;
			attributes = {
				LastUpgradeCheck = 1020;
				ORGANIZATIONNAME = "julia@ipearl.net";
				TargetAttributes = {
					FF46E18C22DE436400E15A0E = {
						CreatedOnToolsVersion = 10.2.1;
					};
					FF46E1A422DE436400E15A0E = {
						CreatedOnToolsVersion = 10.2.1;
						TestTargetID = FF46E18C22DE436400E15A0E;
					};
					FF46E1AF22DE436400E15A0E = {
						CreatedOnToolsVersion = 10.2.1;
						TestTargetID = FF46E18C22DE436400E15A0E;
					};
				};
			};
			buildConfigurationList = FF46E18822DE436400E15A0E /* Build configuration list for PBXProject "Fresh-Chef-Analytics" */;
			compatibilityVersion = "Xcode 9.3";
			developmentRegion = en;
			hasScannedForEncodings = 0;
			knownRegions = (
				en,
				Base,
			);
			mainGroup = FF46E18422DE436400E15A0E;
			productRefGroup = FF46E18E22DE436400E15A0E /* Products */;
			projectDirPath = "";
			projectRoot = "";
			targets = (
				FF46E18C22DE436400E15A0E /* Fresh-Chef-Analytics */,
				FF46E1A422DE436400E15A0E /* Fresh-Chef-AnalyticsTests */,
				FF46E1AF22DE436400E15A0E /* Fresh-Chef-AnalyticsUITests */,
			);
		};
/* End PBXProject section */

/* Begin PBXResourcesBuildPhase section */
		FF46E18B22DE436400E15A0E /* Resources */ = {
			isa = PBXResourcesBuildPhase;
			buildActionMask = 2147483647;
			files = (
				FF46E19D22DE436400E15A0E /* LaunchScreen.storyboard in Resources */,
				FF46E19A22DE436400E15A0E /* Assets.xcassets in Resources */,
				FF46E19822DE436400E15A0E /* Main.storyboard in Resources */,
			);
			runOnlyForDeploymentPostprocessing = 0;
		};
		FF46E1A322DE436400E15A0E /* Resources */ = {
			isa = PBXResourcesBuildPhase;
			buildActionMask = 2147483647;
			files = (
			);
			runOnlyForDeploymentPostprocessing = 0;
		};
		FF46E1AE22DE436400E15A0E /* Resources */ = {
			isa = PBXResourcesBuildPhase;
			buildActionMask = 2147483647;
			files = (
			);
			runOnlyForDeploymentPostprocessing = 0;
		};
/* End PBXResourcesBuildPhase section */

/* Begin PBXShellScriptBuildPhase section */
		53D8944CC6AA674F8362C6B8 /* [CP] Embed Pods Frameworks */ = {
			isa = PBXShellScriptBuildPhase;
			buildActionMask = 2147483647;
			files = (
			);
			inputFileListPaths = (
				"${PODS_ROOT}/Target Support Files/Pods-Fresh-Chef-Analytics/Pods-Fresh-Chef-Analytics-frameworks-${CONFIGURATION}-input-files.xcfilelist",
			);
			name = "[CP] Embed Pods Frameworks";
			outputFileListPaths = (
				"${PODS_ROOT}/Target Support Files/Pods-Fresh-Chef-Analytics/Pods-Fresh-Chef-Analytics-frameworks-${CONFIGURATION}-output-files.xcfilelist",
			);
			runOnlyForDeploymentPostprocessing = 0;
			shellPath = /bin/sh;
			shellScript = "\"${PODS_ROOT}/Target Support Files/Pods-Fresh-Chef-Analytics/Pods-Fresh-Chef-Analytics-frameworks.sh\"\n";
			showEnvVarsInLog = 0;
		};
		5677C1720220E3D0F100ED00 /* [CP] Check Pods Manifest.lock */ = {
			isa = PBXShellScriptBuildPhase;
			buildActionMask = 2147483647;
			files = (
			);
			inputFileListPaths = (
			);
			inputPaths = (
				"${PODS_PODFILE_DIR_PATH}/Podfile.lock",
				"${PODS_ROOT}/Manifest.lock",
			);
			name = "[CP] Check Pods Manifest.lock";
			outputFileListPaths = (
			);
			outputPaths = (
				"$(DERIVED_FILE_DIR)/Pods-Fresh-Chef-AnalyticsUITests-checkManifestLockResult.txt",
			);
			runOnlyForDeploymentPostprocessing = 0;
			shellPath = /bin/sh;
			shellScript = "diff \"${PODS_PODFILE_DIR_PATH}/Podfile.lock\" \"${PODS_ROOT}/Manifest.lock\" > /dev/null\nif [ $? != 0 ] ; then\n    # print error to STDERR\n    echo \"error: The sandbox is not in sync with the Podfile.lock. Run 'pod install' or update your CocoaPods installation.\" >&2\n    exit 1\nfi\n# This output is used by Xcode 'outputs' to avoid re-running this script phase.\necho \"SUCCESS\" > \"${SCRIPT_OUTPUT_FILE_0}\"\n";
			showEnvVarsInLog = 0;
		};
		C33F6EB6EFF05193AA4E8911 /* [CP] Check Pods Manifest.lock */ = {
			isa = PBXShellScriptBuildPhase;
			buildActionMask = 2147483647;
			files = (
			);
			inputFileListPaths = (
			);
			inputPaths = (
				"${PODS_PODFILE_DIR_PATH}/Podfile.lock",
				"${PODS_ROOT}/Manifest.lock",
			);
			name = "[CP] Check Pods Manifest.lock";
			outputFileListPaths = (
			);
			outputPaths = (
				"$(DERIVED_FILE_DIR)/Pods-Fresh-Chef-Analytics-checkManifestLockResult.txt",
			);
			runOnlyForDeploymentPostprocessing = 0;
			shellPath = /bin/sh;
			shellScript = "diff \"${PODS_PODFILE_DIR_PATH}/Podfile.lock\" \"${PODS_ROOT}/Manifest.lock\" > /dev/null\nif [ $? != 0 ] ; then\n    # print error to STDERR\n    echo \"error: The sandbox is not in sync with the Podfile.lock. Run 'pod install' or update your CocoaPods installation.\" >&2\n    exit 1\nfi\n# This output is used by Xcode 'outputs' to avoid re-running this script phase.\necho \"SUCCESS\" > \"${SCRIPT_OUTPUT_FILE_0}\"\n";
			showEnvVarsInLog = 0;
		};
		EC12F21569B886348B0B37D0 /* [CP] Check Pods Manifest.lock */ = {
			isa = PBXShellScriptBuildPhase;
			buildActionMask = 2147483647;
			files = (
			);
			inputFileListPaths = (
			);
			inputPaths = (
				"${PODS_PODFILE_DIR_PATH}/Podfile.lock",
				"${PODS_ROOT}/Manifest.lock",
			);
			name = "[CP] Check Pods Manifest.lock";
			outputFileListPaths = (
			);
			outputPaths = (
				"$(DERIVED_FILE_DIR)/Pods-Fresh-Chef-AnalyticsTests-checkManifestLockResult.txt",
			);
			runOnlyForDeploymentPostprocessing = 0;
			shellPath = /bin/sh;
			shellScript = "diff \"${PODS_PODFILE_DIR_PATH}/Podfile.lock\" \"${PODS_ROOT}/Manifest.lock\" > /dev/null\nif [ $? != 0 ] ; then\n    # print error to STDERR\n    echo \"error: The sandbox is not in sync with the Podfile.lock. Run 'pod install' or update your CocoaPods installation.\" >&2\n    exit 1\nfi\n# This output is used by Xcode 'outputs' to avoid re-running this script phase.\necho \"SUCCESS\" > \"${SCRIPT_OUTPUT_FILE_0}\"\n";
			showEnvVarsInLog = 0;
		};
/* End PBXShellScriptBuildPhase section */

/* Begin PBXSourcesBuildPhase section */
		FF46E18922DE436400E15A0E /* Sources */ = {
			isa = PBXSourcesBuildPhase;
			buildActionMask = 2147483647;
			files = (
				B6D7B35322DE6D27002093CB /* LoginViewController.m in Sources */,
				B6D7B35622DE6D40002093CB /* SignUpViewController.m in Sources */,
				FF46E19522DE436400E15A0E /* ViewController.m in Sources */,
				A535D7BC22DE8FB2002B79CA /* Restaurant.m in Sources */,
				A535D7B922DE6CE9002B79CA /* Dish.m in Sources */,
				FF46E1A022DE436400E15A0E /* main.m in Sources */,
				FF46E19222DE436400E15A0E /* AppDelegate.m in Sources */,
			);
			runOnlyForDeploymentPostprocessing = 0;
		};
		FF46E1A122DE436400E15A0E /* Sources */ = {
			isa = PBXSourcesBuildPhase;
			buildActionMask = 2147483647;
			files = (
				FF46E1AA22DE436400E15A0E /* Fresh_Chef_AnalyticsTests.m in Sources */,
			);
			runOnlyForDeploymentPostprocessing = 0;
		};
		FF46E1AC22DE436400E15A0E /* Sources */ = {
			isa = PBXSourcesBuildPhase;
			buildActionMask = 2147483647;
			files = (
				FF46E1B522DE436400E15A0E /* Fresh_Chef_AnalyticsUITests.m in Sources */,
			);
			runOnlyForDeploymentPostprocessing = 0;
		};
/* End PBXSourcesBuildPhase section */

/* Begin PBXTargetDependency section */
		FF46E1A722DE436400E15A0E /* PBXTargetDependency */ = {
			isa = PBXTargetDependency;
			target = FF46E18C22DE436400E15A0E /* Fresh-Chef-Analytics */;
			targetProxy = FF46E1A622DE436400E15A0E /* PBXContainerItemProxy */;
		};
		FF46E1B222DE436400E15A0E /* PBXTargetDependency */ = {
			isa = PBXTargetDependency;
			target = FF46E18C22DE436400E15A0E /* Fresh-Chef-Analytics */;
			targetProxy = FF46E1B122DE436400E15A0E /* PBXContainerItemProxy */;
		};
/* End PBXTargetDependency section */

/* Begin PBXVariantGroup section */
		FF46E19622DE436400E15A0E /* Main.storyboard */ = {
			isa = PBXVariantGroup;
			children = (
				FF46E19722DE436400E15A0E /* Base */,
			);
			name = Main.storyboard;
			sourceTree = "<group>";
		};
		FF46E19B22DE436400E15A0E /* LaunchScreen.storyboard */ = {
			isa = PBXVariantGroup;
			children = (
				FF46E19C22DE436400E15A0E /* Base */,
			);
			name = LaunchScreen.storyboard;
			sourceTree = "<group>";
		};
/* End PBXVariantGroup section */

/* Begin XCBuildConfiguration section */
		FF46E1B722DE436400E15A0E /* Debug */ = {
			isa = XCBuildConfiguration;
			buildSettings = {
				ALWAYS_SEARCH_USER_PATHS = NO;
				CLANG_ANALYZER_NONNULL = YES;
				CLANG_ANALYZER_NUMBER_OBJECT_CONVERSION = YES_AGGRESSIVE;
				CLANG_CXX_LANGUAGE_STANDARD = "gnu++14";
				CLANG_CXX_LIBRARY = "libc++";
				CLANG_ENABLE_MODULES = YES;
				CLANG_ENABLE_OBJC_ARC = YES;
				CLANG_ENABLE_OBJC_WEAK = YES;
				CLANG_WARN_BLOCK_CAPTURE_AUTORELEASING = YES;
				CLANG_WARN_BOOL_CONVERSION = YES;
				CLANG_WARN_COMMA = YES;
				CLANG_WARN_CONSTANT_CONVERSION = YES;
				CLANG_WARN_DEPRECATED_OBJC_IMPLEMENTATIONS = YES;
				CLANG_WARN_DIRECT_OBJC_ISA_USAGE = YES_ERROR;
				CLANG_WARN_DOCUMENTATION_COMMENTS = YES;
				CLANG_WARN_EMPTY_BODY = YES;
				CLANG_WARN_ENUM_CONVERSION = YES;
				CLANG_WARN_INFINITE_RECURSION = YES;
				CLANG_WARN_INT_CONVERSION = YES;
				CLANG_WARN_NON_LITERAL_NULL_CONVERSION = YES;
				CLANG_WARN_OBJC_IMPLICIT_RETAIN_SELF = YES;
				CLANG_WARN_OBJC_LITERAL_CONVERSION = YES;
				CLANG_WARN_OBJC_ROOT_CLASS = YES_ERROR;
				CLANG_WARN_RANGE_LOOP_ANALYSIS = YES;
				CLANG_WARN_STRICT_PROTOTYPES = YES;
				CLANG_WARN_SUSPICIOUS_MOVE = YES;
				CLANG_WARN_UNGUARDED_AVAILABILITY = YES_AGGRESSIVE;
				CLANG_WARN_UNREACHABLE_CODE = YES;
				CLANG_WARN__DUPLICATE_METHOD_MATCH = YES;
				CODE_SIGN_IDENTITY = "iPhone Developer";
				COPY_PHASE_STRIP = NO;
				DEBUG_INFORMATION_FORMAT = dwarf;
				ENABLE_STRICT_OBJC_MSGSEND = YES;
				ENABLE_TESTABILITY = YES;
				GCC_C_LANGUAGE_STANDARD = gnu11;
				GCC_DYNAMIC_NO_PIC = NO;
				GCC_NO_COMMON_BLOCKS = YES;
				GCC_OPTIMIZATION_LEVEL = 0;
				GCC_PREPROCESSOR_DEFINITIONS = (
					"DEBUG=1",
					"$(inherited)",
				);
				GCC_WARN_64_TO_32_BIT_CONVERSION = YES;
				GCC_WARN_ABOUT_RETURN_TYPE = YES_ERROR;
				GCC_WARN_UNDECLARED_SELECTOR = YES;
				GCC_WARN_UNINITIALIZED_AUTOS = YES_AGGRESSIVE;
				GCC_WARN_UNUSED_FUNCTION = YES;
				GCC_WARN_UNUSED_VARIABLE = YES;
				IPHONEOS_DEPLOYMENT_TARGET = 12.2;
				MTL_ENABLE_DEBUG_INFO = INCLUDE_SOURCE;
				MTL_FAST_MATH = YES;
				ONLY_ACTIVE_ARCH = YES;
				SDKROOT = iphoneos;
			};
			name = Debug;
		};
		FF46E1B822DE436400E15A0E /* Release */ = {
			isa = XCBuildConfiguration;
			buildSettings = {
				ALWAYS_SEARCH_USER_PATHS = NO;
				CLANG_ANALYZER_NONNULL = YES;
				CLANG_ANALYZER_NUMBER_OBJECT_CONVERSION = YES_AGGRESSIVE;
				CLANG_CXX_LANGUAGE_STANDARD = "gnu++14";
				CLANG_CXX_LIBRARY = "libc++";
				CLANG_ENABLE_MODULES = YES;
				CLANG_ENABLE_OBJC_ARC = YES;
				CLANG_ENABLE_OBJC_WEAK = YES;
				CLANG_WARN_BLOCK_CAPTURE_AUTORELEASING = YES;
				CLANG_WARN_BOOL_CONVERSION = YES;
				CLANG_WARN_COMMA = YES;
				CLANG_WARN_CONSTANT_CONVERSION = YES;
				CLANG_WARN_DEPRECATED_OBJC_IMPLEMENTATIONS = YES;
				CLANG_WARN_DIRECT_OBJC_ISA_USAGE = YES_ERROR;
				CLANG_WARN_DOCUMENTATION_COMMENTS = YES;
				CLANG_WARN_EMPTY_BODY = YES;
				CLANG_WARN_ENUM_CONVERSION = YES;
				CLANG_WARN_INFINITE_RECURSION = YES;
				CLANG_WARN_INT_CONVERSION = YES;
				CLANG_WARN_NON_LITERAL_NULL_CONVERSION = YES;
				CLANG_WARN_OBJC_IMPLICIT_RETAIN_SELF = YES;
				CLANG_WARN_OBJC_LITERAL_CONVERSION = YES;
				CLANG_WARN_OBJC_ROOT_CLASS = YES_ERROR;
				CLANG_WARN_RANGE_LOOP_ANALYSIS = YES;
				CLANG_WARN_STRICT_PROTOTYPES = YES;
				CLANG_WARN_SUSPICIOUS_MOVE = YES;
				CLANG_WARN_UNGUARDED_AVAILABILITY = YES_AGGRESSIVE;
				CLANG_WARN_UNREACHABLE_CODE = YES;
				CLANG_WARN__DUPLICATE_METHOD_MATCH = YES;
				CODE_SIGN_IDENTITY = "iPhone Developer";
				COPY_PHASE_STRIP = NO;
				DEBUG_INFORMATION_FORMAT = "dwarf-with-dsym";
				ENABLE_NS_ASSERTIONS = NO;
				ENABLE_STRICT_OBJC_MSGSEND = YES;
				GCC_C_LANGUAGE_STANDARD = gnu11;
				GCC_NO_COMMON_BLOCKS = YES;
				GCC_WARN_64_TO_32_BIT_CONVERSION = YES;
				GCC_WARN_ABOUT_RETURN_TYPE = YES_ERROR;
				GCC_WARN_UNDECLARED_SELECTOR = YES;
				GCC_WARN_UNINITIALIZED_AUTOS = YES_AGGRESSIVE;
				GCC_WARN_UNUSED_FUNCTION = YES;
				GCC_WARN_UNUSED_VARIABLE = YES;
				IPHONEOS_DEPLOYMENT_TARGET = 12.2;
				MTL_ENABLE_DEBUG_INFO = NO;
				MTL_FAST_MATH = YES;
				SDKROOT = iphoneos;
				VALIDATE_PRODUCT = YES;
			};
			name = Release;
		};
		FF46E1BA22DE436400E15A0E /* Debug */ = {
			isa = XCBuildConfiguration;
			baseConfigurationReference = E0C930C3020050C5A39A8F92 /* Pods-Fresh-Chef-Analytics.debug.xcconfig */;
			buildSettings = {
				ASSETCATALOG_COMPILER_APPICON_NAME = AppIcon;
				CODE_SIGN_STYLE = Automatic;
				DEVELOPMENT_TEAM = "";
				INFOPLIST_FILE = "Fresh-Chef-Analytics/Info.plist";
				LD_RUNPATH_SEARCH_PATHS = (
					"$(inherited)",
					"@executable_path/Frameworks",
				);
				PRODUCT_BUNDLE_IDENTIFIER = "com.jpearl.Fresh-Chef-Analytics";
				PRODUCT_NAME = "$(TARGET_NAME)";
				TARGETED_DEVICE_FAMILY = "1,2";
			};
			name = Debug;
		};
		FF46E1BB22DE436400E15A0E /* Release */ = {
			isa = XCBuildConfiguration;
			baseConfigurationReference = 444D934F6C5257E53419EC99 /* Pods-Fresh-Chef-Analytics.release.xcconfig */;
			buildSettings = {
				ASSETCATALOG_COMPILER_APPICON_NAME = AppIcon;
				CODE_SIGN_STYLE = Automatic;
				DEVELOPMENT_TEAM = "";
				INFOPLIST_FILE = "Fresh-Chef-Analytics/Info.plist";
				LD_RUNPATH_SEARCH_PATHS = (
					"$(inherited)",
					"@executable_path/Frameworks",
				);
				PRODUCT_BUNDLE_IDENTIFIER = "com.jpearl.Fresh-Chef-Analytics";
				PRODUCT_NAME = "$(TARGET_NAME)";
				TARGETED_DEVICE_FAMILY = "1,2";
			};
			name = Release;
		};
		FF46E1BD22DE436400E15A0E /* Debug */ = {
			isa = XCBuildConfiguration;
			baseConfigurationReference = 137E87BA3F889A52F963C1BB /* Pods-Fresh-Chef-AnalyticsTests.debug.xcconfig */;
			buildSettings = {
				BUNDLE_LOADER = "$(TEST_HOST)";
				CODE_SIGN_STYLE = Automatic;
				INFOPLIST_FILE = "Fresh-Chef-AnalyticsTests/Info.plist";
				LD_RUNPATH_SEARCH_PATHS = (
					"$(inherited)",
					"@executable_path/Frameworks",
					"@loader_path/Frameworks",
				);
				PRODUCT_BUNDLE_IDENTIFIER = "com.jpearl.Fresh-Chef-AnalyticsTests";
				PRODUCT_NAME = "$(TARGET_NAME)";
				TARGETED_DEVICE_FAMILY = "1,2";
				TEST_HOST = "$(BUILT_PRODUCTS_DIR)/Fresh-Chef-Analytics.app/Fresh-Chef-Analytics";
			};
			name = Debug;
		};
		FF46E1BE22DE436400E15A0E /* Release */ = {
			isa = XCBuildConfiguration;
			baseConfigurationReference = 8FD3E4AFDEEFA0300D55D72D /* Pods-Fresh-Chef-AnalyticsTests.release.xcconfig */;
			buildSettings = {
				BUNDLE_LOADER = "$(TEST_HOST)";
				CODE_SIGN_STYLE = Automatic;
				INFOPLIST_FILE = "Fresh-Chef-AnalyticsTests/Info.plist";
				LD_RUNPATH_SEARCH_PATHS = (
					"$(inherited)",
					"@executable_path/Frameworks",
					"@loader_path/Frameworks",
				);
				PRODUCT_BUNDLE_IDENTIFIER = "com.jpearl.Fresh-Chef-AnalyticsTests";
				PRODUCT_NAME = "$(TARGET_NAME)";
				TARGETED_DEVICE_FAMILY = "1,2";
				TEST_HOST = "$(BUILT_PRODUCTS_DIR)/Fresh-Chef-Analytics.app/Fresh-Chef-Analytics";
			};
			name = Release;
		};
		FF46E1C022DE436400E15A0E /* Debug */ = {
			isa = XCBuildConfiguration;
			baseConfigurationReference = EB80B1150EADC91FB15DCF37 /* Pods-Fresh-Chef-AnalyticsUITests.debug.xcconfig */;
			buildSettings = {
				CODE_SIGN_STYLE = Automatic;
				INFOPLIST_FILE = "Fresh-Chef-AnalyticsUITests/Info.plist";
				LD_RUNPATH_SEARCH_PATHS = (
					"$(inherited)",
					"@executable_path/Frameworks",
					"@loader_path/Frameworks",
				);
				PRODUCT_BUNDLE_IDENTIFIER = "com.jpearl.Fresh-Chef-AnalyticsUITests";
				PRODUCT_NAME = "$(TARGET_NAME)";
				TARGETED_DEVICE_FAMILY = "1,2";
				TEST_TARGET_NAME = "Fresh-Chef-Analytics";
			};
			name = Debug;
		};
		FF46E1C122DE436400E15A0E /* Release */ = {
			isa = XCBuildConfiguration;
			baseConfigurationReference = F3C29AA8318918BF176BC866 /* Pods-Fresh-Chef-AnalyticsUITests.release.xcconfig */;
			buildSettings = {
				CODE_SIGN_STYLE = Automatic;
				INFOPLIST_FILE = "Fresh-Chef-AnalyticsUITests/Info.plist";
				LD_RUNPATH_SEARCH_PATHS = (
					"$(inherited)",
					"@executable_path/Frameworks",
					"@loader_path/Frameworks",
				);
				PRODUCT_BUNDLE_IDENTIFIER = "com.jpearl.Fresh-Chef-AnalyticsUITests";
				PRODUCT_NAME = "$(TARGET_NAME)";
				TARGETED_DEVICE_FAMILY = "1,2";
				TEST_TARGET_NAME = "Fresh-Chef-Analytics";
			};
			name = Release;
		};
/* End XCBuildConfiguration section */

/* Begin XCConfigurationList section */
		FF46E18822DE436400E15A0E /* Build configuration list for PBXProject "Fresh-Chef-Analytics" */ = {
			isa = XCConfigurationList;
			buildConfigurations = (
				FF46E1B722DE436400E15A0E /* Debug */,
				FF46E1B822DE436400E15A0E /* Release */,
			);
			defaultConfigurationIsVisible = 0;
			defaultConfigurationName = Release;
		};
		FF46E1B922DE436400E15A0E /* Build configuration list for PBXNativeTarget "Fresh-Chef-Analytics" */ = {
			isa = XCConfigurationList;
			buildConfigurations = (
				FF46E1BA22DE436400E15A0E /* Debug */,
				FF46E1BB22DE436400E15A0E /* Release */,
			);
			defaultConfigurationIsVisible = 0;
			defaultConfigurationName = Release;
		};
		FF46E1BC22DE436400E15A0E /* Build configuration list for PBXNativeTarget "Fresh-Chef-AnalyticsTests" */ = {
			isa = XCConfigurationList;
			buildConfigurations = (
				FF46E1BD22DE436400E15A0E /* Debug */,
				FF46E1BE22DE436400E15A0E /* Release */,
			);
			defaultConfigurationIsVisible = 0;
			defaultConfigurationName = Release;
		};
		FF46E1BF22DE436400E15A0E /* Build configuration list for PBXNativeTarget "Fresh-Chef-AnalyticsUITests" */ = {
			isa = XCConfigurationList;
			buildConfigurations = (
				FF46E1C022DE436400E15A0E /* Debug */,
				FF46E1C122DE436400E15A0E /* Release */,
			);
			defaultConfigurationIsVisible = 0;
			defaultConfigurationName = Release;
		};
/* End XCConfigurationList section */
	};
	rootObject = FF46E18522DE436400E15A0E /* Project object */;
}
