PODS:
  - BEMCheckBox (1.4.1)
  - Bolts/Tasks (1.9.0)
  - DateTools (2.0.0)
  - MKDropdownMenu (1.4)
  - Parse (1.17.2):
    - Parse/Core (= 1.17.2)
  - Parse/Core (1.17.2):
    - Bolts/Tasks (~> 1.9)
  - PNChart (0.8.9):
    - UICountingLabel (~> 1.2.0)
  - UICountingLabel (1.2.0)
  - "UITextView+Placeholder (1.2.1)"

DEPENDENCIES:
  - BEMCheckBox (~> 1.4)
  - DateTools
  - MKDropdownMenu
  - Parse
  - PNChart
  - "UITextView+Placeholder"

SPEC REPOS:
  https://github.com/cocoapods/specs.git:
    - BEMCheckBox
    - Bolts
    - DateTools
    - MKDropdownMenu
    - Parse
    - PNChart
    - UICountingLabel
    - "UITextView+Placeholder"

SPEC CHECKSUMS:
  BEMCheckBox: 5ba6e37ade3d3657b36caecc35c8b75c6c2b1a4e
  Bolts: ac6567323eac61e203f6a9763667d0f711be34c8
  DateTools: 933ac9c490f21f92127cf690ccd8c397e0126caf
  MKDropdownMenu: 269df4a41d21a1db684ce8bc709befe419fc5bae
  Parse: 3b31a3dd1777b07ee7f0caee32fafbff544483a5
  PNChart: 84774d225c2126ded6c93d4dbe6ae98c3a73c2d2
  UICountingLabel: 1db4e7d023e1762171eb226d6dff47a7a84f27aa
  "UITextView+Placeholder": 0c3efd97f37ea64bde7f34cc6e90fe02e87b3909

PODFILE CHECKSUM: 790b08c5c7654887608db7c089820fcba780c11e

COCOAPODS: 1.7.2
